// !$*UTF8*$!
{
	archiveVersion = 1;
	classes = {
	};
	objectVersion = 46;
	objects = {

/* Begin PBXBuildFile section */
		0626DEBE1F5E754600686790 /* RepairRecordViewController.m in Sources */ = {isa = PBXBuildFile; fileRef = 0626DEBD1F5E754600686790 /* RepairRecordViewController.m */; };
		0626DEC11F5E860800686790 /* GetAllUserRequest.m in Sources */ = {isa = PBXBuildFile; fileRef = 0626DEC01F5E860800686790 /* GetAllUserRequest.m */; };
		0626DEC41F5EACED00686790 /* GetRepairRecordListRequest.m in Sources */ = {isa = PBXBuildFile; fileRef = 0626DEC31F5EACED00686790 /* GetRepairRecordListRequest.m */; };
		0626DEC71F5EBC6E00686790 /* RepairRecordTableViewCell.m in Sources */ = {isa = PBXBuildFile; fileRef = 0626DEC61F5EBC6E00686790 /* RepairRecordTableViewCell.m */; };
		0626DECA1F5EC14500686790 /* RepairRecordModel.m in Sources */ = {isa = PBXBuildFile; fileRef = 0626DEC91F5EC14500686790 /* RepairRecordModel.m */; };
		0626DECD1F5EC99F00686790 /* RepairRecordDetailModel.m in Sources */ = {isa = PBXBuildFile; fileRef = 0626DECC1F5EC99F00686790 /* RepairRecordDetailModel.m */; };
		06356D371F5D7B2400242940 /* RDAlertAction.m in Sources */ = {isa = PBXBuildFile; fileRef = 06356D321F5D7B2400242940 /* RDAlertAction.m */; };
		06356D381F5D7B2400242940 /* RDAlertView.m in Sources */ = {isa = PBXBuildFile; fileRef = 06356D341F5D7B2400242940 /* RDAlertView.m */; };
		06356D391F5D7B2400242940 /* RDTextAlertView.m in Sources */ = {isa = PBXBuildFile; fileRef = 06356D361F5D7B2400242940 /* RDTextAlertView.m */; };
		06356D3C1F5D7F6B00242940 /* HomeHotelInfoView.m in Sources */ = {isa = PBXBuildFile; fileRef = 06356D3B1F5D7F6B00242940 /* HomeHotelInfoView.m */; };
		06356D441F5D964900242940 /* HotelIndexRequest.m in Sources */ = {isa = PBXBuildFile; fileRef = 06356D431F5D964900242940 /* HotelIndexRequest.m */; };
		06356D471F5D99C500242940 /* HotelInfoTableViewCell.m in Sources */ = {isa = PBXBuildFile; fileRef = 06356D461F5D99C500242940 /* HotelInfoTableViewCell.m */; };
		066278321F61632E00B2B8E8 /* libUMessage_Sdk_1.5.0.a in Frameworks */ = {isa = PBXBuildFile; fileRef = 066278301F61632E00B2B8E8 /* libUMessage_Sdk_1.5.0.a */; };
		066278341F61634600B2B8E8 /* UserNotifications.framework in Frameworks */ = {isa = PBXBuildFile; fileRef = 066278331F61634600B2B8E8 /* UserNotifications.framework */; };
		066EA5411F5FCB500054264C /* RepairRecordHeaderView.m in Sources */ = {isa = PBXBuildFile; fileRef = 066EA5401F5FCB500054264C /* RepairRecordHeaderView.m */; };
		066EA5441F5FE45B0054264C /* ErrorReportViewController.m in Sources */ = {isa = PBXBuildFile; fileRef = 066EA5431F5FE45B0054264C /* ErrorReportViewController.m */; };
		066EA54B1F5FEDDD0054264C /* ErrorReportTableViewCell.m in Sources */ = {isa = PBXBuildFile; fileRef = 066EA54A1F5FEDDD0054264C /* ErrorReportTableViewCell.m */; };
		066EA54E1F5FEE6B0054264C /* ErrorReportModel.m in Sources */ = {isa = PBXBuildFile; fileRef = 066EA54D1F5FEE6B0054264C /* ErrorReportModel.m */; };
		066EA5511F5FEF310054264C /* ErrorReportRequest.m in Sources */ = {isa = PBXBuildFile; fileRef = 066EA5501F5FEF310054264C /* ErrorReportRequest.m */; };
		066EA5541F6010830054264C /* ErrorDetailViewController.m in Sources */ = {isa = PBXBuildFile; fileRef = 066EA5531F6010830054264C /* ErrorDetailViewController.m */; };
		066EA5571F6010DF0054264C /* ErrorDetailRequest.m in Sources */ = {isa = PBXBuildFile; fileRef = 066EA5561F6010DF0054264C /* ErrorDetailRequest.m */; };
		066EA55A1F6012270054264C /* ErrorDetailTableViewCell.m in Sources */ = {isa = PBXBuildFile; fileRef = 066EA5591F6012270054264C /* ErrorDetailTableViewCell.m */; };
		066EA55D1F6012500054264C /* ErrorDetailModel.m in Sources */ = {isa = PBXBuildFile; fileRef = 066EA55C1F6012500054264C /* ErrorDetailModel.m */; };
		066EA5641F602FBF0054264C /* CheckUpdateRequest.m in Sources */ = {isa = PBXBuildFile; fileRef = 066EA5631F602FBF0054264C /* CheckUpdateRequest.m */; };
		068E65C11F616B4900644CE6 /* UserNotificationModel.m in Sources */ = {isa = PBXBuildFile; fileRef = 068E65C01F616B4900644CE6 /* UserNotificationModel.m */; };
		06B055C31F5D00D600A9CE68 /* BaseViewController.m in Sources */ = {isa = PBXBuildFile; fileRef = 06B055C21F5D00D600A9CE68 /* BaseViewController.m */; };
		06B055C91F5D1C4E00A9CE68 /* UserLoginViewController.m in Sources */ = {isa = PBXBuildFile; fileRef = 06B055C81F5D1C4E00A9CE68 /* UserLoginViewController.m */; };
		06B055CD1F5D414200A9CE68 /* MBProgressHUD+Custom.m in Sources */ = {isa = PBXBuildFile; fileRef = 06B055CC1F5D414200A9CE68 /* MBProgressHUD+Custom.m */; };
		06B055D11F5D46BF00A9CE68 /* UserLoginRequest.m in Sources */ = {isa = PBXBuildFile; fileRef = 06B055D01F5D46BF00A9CE68 /* UserLoginRequest.m */; };
		06B055D51F5D47EC00A9CE68 /* Helper.m in Sources */ = {isa = PBXBuildFile; fileRef = 06B055D41F5D47EC00A9CE68 /* Helper.m */; };
		06B055D81F5D486800A9CE68 /* GCCGetInfo.m in Sources */ = {isa = PBXBuildFile; fileRef = 06B055D71F5D486800A9CE68 /* GCCGetInfo.m */; };
		06B055DB1F5D48D800A9CE68 /* GCCKeyChain.m in Sources */ = {isa = PBXBuildFile; fileRef = 06B055DA1F5D48D800A9CE68 /* GCCKeyChain.m */; };
		06B055DE1F5D498000A9CE68 /* UserManager.m in Sources */ = {isa = PBXBuildFile; fileRef = 06B055DD1F5D498000A9CE68 /* UserManager.m */; };
		06B055E61F5D4A7D00A9CE68 /* Jastor.m in Sources */ = {isa = PBXBuildFile; fileRef = 06B055E31F5D4A7D00A9CE68 /* Jastor.m */; };
		06B055E71F5D4A7D00A9CE68 /* JastorRuntimeHelper.m in Sources */ = {isa = PBXBuildFile; fileRef = 06B055E51F5D4A7D00A9CE68 /* JastorRuntimeHelper.m */; };
		06B055EA1F5D4AAC00A9CE68 /* UserModel.m in Sources */ = {isa = PBXBuildFile; fileRef = 06B055E91F5D4AAC00A9CE68 /* UserModel.m */; };
		06B055ED1F5D56CF00A9CE68 /* BaseNavigationController.m in Sources */ = {isa = PBXBuildFile; fileRef = 06B055EC1F5D56CF00A9CE68 /* BaseNavigationController.m */; };
		06B055F31F5D572500A9CE68 /* UIImage+Additional.m in Sources */ = {isa = PBXBuildFile; fileRef = 06B055F01F5D572500A9CE68 /* UIImage+Additional.m */; };
		06B055F41F5D572500A9CE68 /* UIView+Additional.m in Sources */ = {isa = PBXBuildFile; fileRef = 06B055F21F5D572500A9CE68 /* UIView+Additional.m */; };
		06B055F81F5D57A700A9CE68 /* HomeViewController.m in Sources */ = {isa = PBXBuildFile; fileRef = 06B055F71F5D57A700A9CE68 /* HomeViewController.m */; };
		06B055FC1F5D58A200A9CE68 /* HomeUserInfoView.m in Sources */ = {isa = PBXBuildFile; fileRef = 06B055FB1F5D58A200A9CE68 /* HomeUserInfoView.m */; };
		06B056021F5D599500A9CE68 /* HotTopicTools.m in Sources */ = {isa = PBXBuildFile; fileRef = 06B056011F5D599500A9CE68 /* HotTopicTools.m */; };
		06ECDC4E1F5969AB007FBD83 /* main.m in Sources */ = {isa = PBXBuildFile; fileRef = 06ECDC4D1F5969AB007FBD83 /* main.m */; };
		06ECDC511F5969AB007FBD83 /* AppDelegate.m in Sources */ = {isa = PBXBuildFile; fileRef = 06ECDC501F5969AB007FBD83 /* AppDelegate.m */; };
		06ECDC591F5969AB007FBD83 /* Assets.xcassets in Resources */ = {isa = PBXBuildFile; fileRef = 06ECDC581F5969AB007FBD83 /* Assets.xcassets */; };
		06ECDC671F5969AB007FBD83 /* HotTopicForMaintenanceTests.m in Sources */ = {isa = PBXBuildFile; fileRef = 06ECDC661F5969AB007FBD83 /* HotTopicForMaintenanceTests.m */; };
		06ECDC721F5969AB007FBD83 /* HotTopicForMaintenanceUITests.m in Sources */ = {isa = PBXBuildFile; fileRef = 06ECDC711F5969AB007FBD83 /* HotTopicForMaintenanceUITests.m */; };
		06ECDC851F596C47007FBD83 /* NetworkConfiguration.m in Sources */ = {isa = PBXBuildFile; fileRef = 06ECDC841F596C47007FBD83 /* NetworkConfiguration.m */; };
		06ECDC901F596DCD007FBD83 /* ConverUtil.m in Sources */ = {isa = PBXBuildFile; fileRef = 06ECDC8D1F596DCD007FBD83 /* ConverUtil.m */; };
		06ECDC911F596DCD007FBD83 /* DesUtil.m in Sources */ = {isa = PBXBuildFile; fileRef = 06ECDC8F1F596DCD007FBD83 /* DesUtil.m */; };
		88A5533C69257F91FBC76C5E /* libPods-HotTopicForMaintenance.a in Frameworks */ = {isa = PBXBuildFile; fileRef = 943310C53F8C67DA52F2D82C /* libPods-HotTopicForMaintenance.a */; };
		96AA198C1F5FC38100C06CE8 /* FaultListViewController.m in Sources */ = {isa = PBXBuildFile; fileRef = 96AA19851F5FC38100C06CE8 /* FaultListViewController.m */; };
		96AA198D1F5FC38100C06CE8 /* lookRestaurInforViewController.m in Sources */ = {isa = PBXBuildFile; fileRef = 96AA19871F5FC38100C06CE8 /* lookRestaurInforViewController.m */; };
		96AA198E1F5FC38100C06CE8 /* RestaurantRankInforViewController.m in Sources */ = {isa = PBXBuildFile; fileRef = 96AA19891F5FC38100C06CE8 /* RestaurantRankInforViewController.m */; };
		96AA198F1F5FC38100C06CE8 /* SearchHotelViewController.m in Sources */ = {isa = PBXBuildFile; fileRef = 96AA198B1F5FC38100C06CE8 /* SearchHotelViewController.m */; };
		96AA19991F5FC38C00C06CE8 /* FaultListTableViewCell.m in Sources */ = {isa = PBXBuildFile; fileRef = 96AA19921F5FC38C00C06CE8 /* FaultListTableViewCell.m */; };
		96AA199A1F5FC38C00C06CE8 /* lookRestTableViewCell.m in Sources */ = {isa = PBXBuildFile; fileRef = 96AA19941F5FC38C00C06CE8 /* lookRestTableViewCell.m */; };
		96AA199B1F5FC38C00C06CE8 /* RestaurantRankCell.m in Sources */ = {isa = PBXBuildFile; fileRef = 96AA19961F5FC38C00C06CE8 /* RestaurantRankCell.m */; };
		96AA199C1F5FC38C00C06CE8 /* SearchTableViewCell.m in Sources */ = {isa = PBXBuildFile; fileRef = 96AA19981F5FC38C00C06CE8 /* SearchTableViewCell.m */; };
		96AA19A01F5FC39700C06CE8 /* RestaurantRankModel.m in Sources */ = {isa = PBXBuildFile; fileRef = 96AA199F1F5FC39700C06CE8 /* RestaurantRankModel.m */; };
		96AA19A41F5FC9A700C06CE8 /* SearchHotelRequest.m in Sources */ = {isa = PBXBuildFile; fileRef = 96AA19A31F5FC9A700C06CE8 /* SearchHotelRequest.m */; };
		96AA19A71F5FD03A00C06CE8 /* RestRankInforRequest.m in Sources */ = {isa = PBXBuildFile; fileRef = 96AA19A61F5FD03A00C06CE8 /* RestRankInforRequest.m */; };
		96AA19AD1F5FDFDC00C06CE8 /* RepairRecordRankModel.m in Sources */ = {isa = PBXBuildFile; fileRef = 96AA19AC1F5FDFDC00C06CE8 /* RepairRecordRankModel.m */; };
		96AA19B01F5FF0C800C06CE8 /* LookHotelInforRequest.m in Sources */ = {isa = PBXBuildFile; fileRef = 96AA19AF1F5FF0C800C06CE8 /* LookHotelInforRequest.m */; };
		96AA19B31F600C8A00C06CE8 /* LookHotelInforModel.m in Sources */ = {isa = PBXBuildFile; fileRef = 96AA19B21F600C8A00C06CE8 /* LookHotelInforModel.m */; };
		96AA19B61F6025A200C06CE8 /* DamageConfigRequest.m in Sources */ = {isa = PBXBuildFile; fileRef = 96AA19B51F6025A200C06CE8 /* DamageConfigRequest.m */; };
		96AA19B91F60DC7B00C06CE8 /* DamageUploadModel.m in Sources */ = {isa = PBXBuildFile; fileRef = 96AA19B81F60DC7B00C06CE8 /* DamageUploadModel.m */; };
		96AA19BC1F60E20500C06CE8 /* DamageUploadRequest.m in Sources */ = {isa = PBXBuildFile; fileRef = 96AA19BB1F60E20500C06CE8 /* DamageUploadRequest.m */; };
/* End PBXBuildFile section */

/* Begin PBXContainerItemProxy section */
		06ECDC631F5969AB007FBD83 /* PBXContainerItemProxy */ = {
			isa = PBXContainerItemProxy;
			containerPortal = 06ECDC411F5969AB007FBD83 /* Project object */;
			proxyType = 1;
			remoteGlobalIDString = 06ECDC481F5969AB007FBD83;
			remoteInfo = HotTopicForMaintenance;
		};
		06ECDC6E1F5969AB007FBD83 /* PBXContainerItemProxy */ = {
			isa = PBXContainerItemProxy;
			containerPortal = 06ECDC411F5969AB007FBD83 /* Project object */;
			proxyType = 1;
			remoteGlobalIDString = 06ECDC481F5969AB007FBD83;
			remoteInfo = HotTopicForMaintenance;
		};
/* End PBXContainerItemProxy section */

/* Begin PBXFileReference section */
		0626DEBC1F5E754600686790 /* RepairRecordViewController.h */ = {isa = PBXFileReference; fileEncoding = 4; lastKnownFileType = sourcecode.c.h; path = RepairRecordViewController.h; sourceTree = "<group>"; };
		0626DEBD1F5E754600686790 /* RepairRecordViewController.m */ = {isa = PBXFileReference; fileEncoding = 4; lastKnownFileType = sourcecode.c.objc; path = RepairRecordViewController.m; sourceTree = "<group>"; };
		0626DEBF1F5E860800686790 /* GetAllUserRequest.h */ = {isa = PBXFileReference; fileEncoding = 4; lastKnownFileType = sourcecode.c.h; path = GetAllUserRequest.h; sourceTree = "<group>"; };
		0626DEC01F5E860800686790 /* GetAllUserRequest.m */ = {isa = PBXFileReference; fileEncoding = 4; lastKnownFileType = sourcecode.c.objc; path = GetAllUserRequest.m; sourceTree = "<group>"; };
		0626DEC21F5EACED00686790 /* GetRepairRecordListRequest.h */ = {isa = PBXFileReference; fileEncoding = 4; lastKnownFileType = sourcecode.c.h; path = GetRepairRecordListRequest.h; sourceTree = "<group>"; };
		0626DEC31F5EACED00686790 /* GetRepairRecordListRequest.m */ = {isa = PBXFileReference; fileEncoding = 4; lastKnownFileType = sourcecode.c.objc; path = GetRepairRecordListRequest.m; sourceTree = "<group>"; };
		0626DEC51F5EBC6E00686790 /* RepairRecordTableViewCell.h */ = {isa = PBXFileReference; fileEncoding = 4; lastKnownFileType = sourcecode.c.h; path = RepairRecordTableViewCell.h; sourceTree = "<group>"; };
		0626DEC61F5EBC6E00686790 /* RepairRecordTableViewCell.m */ = {isa = PBXFileReference; fileEncoding = 4; lastKnownFileType = sourcecode.c.objc; path = RepairRecordTableViewCell.m; sourceTree = "<group>"; };
		0626DEC81F5EC14500686790 /* RepairRecordModel.h */ = {isa = PBXFileReference; fileEncoding = 4; lastKnownFileType = sourcecode.c.h; path = RepairRecordModel.h; sourceTree = "<group>"; };
		0626DEC91F5EC14500686790 /* RepairRecordModel.m */ = {isa = PBXFileReference; fileEncoding = 4; lastKnownFileType = sourcecode.c.objc; path = RepairRecordModel.m; sourceTree = "<group>"; };
		0626DECB1F5EC99F00686790 /* RepairRecordDetailModel.h */ = {isa = PBXFileReference; fileEncoding = 4; lastKnownFileType = sourcecode.c.h; path = RepairRecordDetailModel.h; sourceTree = "<group>"; };
		0626DECC1F5EC99F00686790 /* RepairRecordDetailModel.m */ = {isa = PBXFileReference; fileEncoding = 4; lastKnownFileType = sourcecode.c.objc; path = RepairRecordDetailModel.m; sourceTree = "<group>"; };
		06356D311F5D7B2400242940 /* RDAlertAction.h */ = {isa = PBXFileReference; fileEncoding = 4; lastKnownFileType = sourcecode.c.h; path = RDAlertAction.h; sourceTree = "<group>"; };
		06356D321F5D7B2400242940 /* RDAlertAction.m */ = {isa = PBXFileReference; fileEncoding = 4; lastKnownFileType = sourcecode.c.objc; path = RDAlertAction.m; sourceTree = "<group>"; };
		06356D331F5D7B2400242940 /* RDAlertView.h */ = {isa = PBXFileReference; fileEncoding = 4; lastKnownFileType = sourcecode.c.h; path = RDAlertView.h; sourceTree = "<group>"; };
		06356D341F5D7B2400242940 /* RDAlertView.m */ = {isa = PBXFileReference; fileEncoding = 4; lastKnownFileType = sourcecode.c.objc; path = RDAlertView.m; sourceTree = "<group>"; };
		06356D351F5D7B2400242940 /* RDTextAlertView.h */ = {isa = PBXFileReference; fileEncoding = 4; lastKnownFileType = sourcecode.c.h; path = RDTextAlertView.h; sourceTree = "<group>"; };
		06356D361F5D7B2400242940 /* RDTextAlertView.m */ = {isa = PBXFileReference; fileEncoding = 4; lastKnownFileType = sourcecode.c.objc; path = RDTextAlertView.m; sourceTree = "<group>"; };
		06356D3A1F5D7F6B00242940 /* HomeHotelInfoView.h */ = {isa = PBXFileReference; fileEncoding = 4; lastKnownFileType = sourcecode.c.h; path = HomeHotelInfoView.h; sourceTree = "<group>"; };
		06356D3B1F5D7F6B00242940 /* HomeHotelInfoView.m */ = {isa = PBXFileReference; fileEncoding = 4; lastKnownFileType = sourcecode.c.objc; path = HomeHotelInfoView.m; sourceTree = "<group>"; };
		06356D421F5D964900242940 /* HotelIndexRequest.h */ = {isa = PBXFileReference; fileEncoding = 4; lastKnownFileType = sourcecode.c.h; path = HotelIndexRequest.h; sourceTree = "<group>"; };
		06356D431F5D964900242940 /* HotelIndexRequest.m */ = {isa = PBXFileReference; fileEncoding = 4; lastKnownFileType = sourcecode.c.objc; path = HotelIndexRequest.m; sourceTree = "<group>"; };
		06356D451F5D99C500242940 /* HotelInfoTableViewCell.h */ = {isa = PBXFileReference; fileEncoding = 4; lastKnownFileType = sourcecode.c.h; path = HotelInfoTableViewCell.h; sourceTree = "<group>"; };
		06356D461F5D99C500242940 /* HotelInfoTableViewCell.m */ = {isa = PBXFileReference; fileEncoding = 4; lastKnownFileType = sourcecode.c.objc; path = HotelInfoTableViewCell.m; sourceTree = "<group>"; };
		066278301F61632E00B2B8E8 /* libUMessage_Sdk_1.5.0.a */ = {isa = PBXFileReference; lastKnownFileType = archive.ar; path = libUMessage_Sdk_1.5.0.a; sourceTree = "<group>"; };
		066278311F61632E00B2B8E8 /* UMessage.h */ = {isa = PBXFileReference; fileEncoding = 4; lastKnownFileType = sourcecode.c.h; path = UMessage.h; sourceTree = "<group>"; };
		066278331F61634600B2B8E8 /* UserNotifications.framework */ = {isa = PBXFileReference; lastKnownFileType = wrapper.framework; name = UserNotifications.framework; path = System/Library/Frameworks/UserNotifications.framework; sourceTree = SDKROOT; };
		066278351F61637800B2B8E8 /* HotTopicForMaintenance.entitlements */ = {isa = PBXFileReference; lastKnownFileType = text.plist.entitlements; path = HotTopicForMaintenance.entitlements; sourceTree = "<group>"; };
		066EA53F1F5FCB500054264C /* RepairRecordHeaderView.h */ = {isa = PBXFileReference; fileEncoding = 4; lastKnownFileType = sourcecode.c.h; path = RepairRecordHeaderView.h; sourceTree = "<group>"; };
		066EA5401F5FCB500054264C /* RepairRecordHeaderView.m */ = {isa = PBXFileReference; fileEncoding = 4; lastKnownFileType = sourcecode.c.objc; path = RepairRecordHeaderView.m; sourceTree = "<group>"; };
		066EA5421F5FE45B0054264C /* ErrorReportViewController.h */ = {isa = PBXFileReference; fileEncoding = 4; lastKnownFileType = sourcecode.c.h; path = ErrorReportViewController.h; sourceTree = "<group>"; };
		066EA5431F5FE45B0054264C /* ErrorReportViewController.m */ = {isa = PBXFileReference; fileEncoding = 4; lastKnownFileType = sourcecode.c.objc; path = ErrorReportViewController.m; sourceTree = "<group>"; };
		066EA5491F5FEDDD0054264C /* ErrorReportTableViewCell.h */ = {isa = PBXFileReference; fileEncoding = 4; lastKnownFileType = sourcecode.c.h; path = ErrorReportTableViewCell.h; sourceTree = "<group>"; };
		066EA54A1F5FEDDD0054264C /* ErrorReportTableViewCell.m */ = {isa = PBXFileReference; fileEncoding = 4; lastKnownFileType = sourcecode.c.objc; path = ErrorReportTableViewCell.m; sourceTree = "<group>"; };
		066EA54C1F5FEE6B0054264C /* ErrorReportModel.h */ = {isa = PBXFileReference; fileEncoding = 4; lastKnownFileType = sourcecode.c.h; path = ErrorReportModel.h; sourceTree = "<group>"; };
		066EA54D1F5FEE6B0054264C /* ErrorReportModel.m */ = {isa = PBXFileReference; fileEncoding = 4; lastKnownFileType = sourcecode.c.objc; path = ErrorReportModel.m; sourceTree = "<group>"; };
		066EA54F1F5FEF310054264C /* ErrorReportRequest.h */ = {isa = PBXFileReference; fileEncoding = 4; lastKnownFileType = sourcecode.c.h; path = ErrorReportRequest.h; sourceTree = "<group>"; };
		066EA5501F5FEF310054264C /* ErrorReportRequest.m */ = {isa = PBXFileReference; fileEncoding = 4; lastKnownFileType = sourcecode.c.objc; path = ErrorReportRequest.m; sourceTree = "<group>"; };
		066EA5521F6010830054264C /* ErrorDetailViewController.h */ = {isa = PBXFileReference; fileEncoding = 4; lastKnownFileType = sourcecode.c.h; path = ErrorDetailViewController.h; sourceTree = "<group>"; };
		066EA5531F6010830054264C /* ErrorDetailViewController.m */ = {isa = PBXFileReference; fileEncoding = 4; lastKnownFileType = sourcecode.c.objc; path = ErrorDetailViewController.m; sourceTree = "<group>"; };
		066EA5551F6010DF0054264C /* ErrorDetailRequest.h */ = {isa = PBXFileReference; fileEncoding = 4; lastKnownFileType = sourcecode.c.h; path = ErrorDetailRequest.h; sourceTree = "<group>"; };
		066EA5561F6010DF0054264C /* ErrorDetailRequest.m */ = {isa = PBXFileReference; fileEncoding = 4; lastKnownFileType = sourcecode.c.objc; path = ErrorDetailRequest.m; sourceTree = "<group>"; };
		066EA5581F6012270054264C /* ErrorDetailTableViewCell.h */ = {isa = PBXFileReference; fileEncoding = 4; lastKnownFileType = sourcecode.c.h; path = ErrorDetailTableViewCell.h; sourceTree = "<group>"; };
		066EA5591F6012270054264C /* ErrorDetailTableViewCell.m */ = {isa = PBXFileReference; fileEncoding = 4; lastKnownFileType = sourcecode.c.objc; path = ErrorDetailTableViewCell.m; sourceTree = "<group>"; };
		066EA55B1F6012500054264C /* ErrorDetailModel.h */ = {isa = PBXFileReference; fileEncoding = 4; lastKnownFileType = sourcecode.c.h; path = ErrorDetailModel.h; sourceTree = "<group>"; };
		066EA55C1F6012500054264C /* ErrorDetailModel.m */ = {isa = PBXFileReference; fileEncoding = 4; lastKnownFileType = sourcecode.c.objc; path = ErrorDetailModel.m; sourceTree = "<group>"; };
		066EA5621F602FBF0054264C /* CheckUpdateRequest.h */ = {isa = PBXFileReference; fileEncoding = 4; lastKnownFileType = sourcecode.c.h; path = CheckUpdateRequest.h; sourceTree = "<group>"; };
		066EA5631F602FBF0054264C /* CheckUpdateRequest.m */ = {isa = PBXFileReference; fileEncoding = 4; lastKnownFileType = sourcecode.c.objc; path = CheckUpdateRequest.m; sourceTree = "<group>"; };
		068E65BF1F616B4900644CE6 /* UserNotificationModel.h */ = {isa = PBXFileReference; fileEncoding = 4; lastKnownFileType = sourcecode.c.h; path = UserNotificationModel.h; sourceTree = "<group>"; };
		068E65C01F616B4900644CE6 /* UserNotificationModel.m */ = {isa = PBXFileReference; fileEncoding = 4; lastKnownFileType = sourcecode.c.objc; path = UserNotificationModel.m; sourceTree = "<group>"; };
		06B055C11F5D00D600A9CE68 /* BaseViewController.h */ = {isa = PBXFileReference; fileEncoding = 4; lastKnownFileType = sourcecode.c.h; path = BaseViewController.h; sourceTree = "<group>"; };
		06B055C21F5D00D600A9CE68 /* BaseViewController.m */ = {isa = PBXFileReference; fileEncoding = 4; lastKnownFileType = sourcecode.c.objc; path = BaseViewController.m; sourceTree = "<group>"; };
		06B055C71F5D1C4E00A9CE68 /* UserLoginViewController.h */ = {isa = PBXFileReference; fileEncoding = 4; lastKnownFileType = sourcecode.c.h; path = UserLoginViewController.h; sourceTree = "<group>"; };
		06B055C81F5D1C4E00A9CE68 /* UserLoginViewController.m */ = {isa = PBXFileReference; fileEncoding = 4; lastKnownFileType = sourcecode.c.objc; path = UserLoginViewController.m; sourceTree = "<group>"; };
		06B055CB1F5D414200A9CE68 /* MBProgressHUD+Custom.h */ = {isa = PBXFileReference; fileEncoding = 4; lastKnownFileType = sourcecode.c.h; path = "MBProgressHUD+Custom.h"; sourceTree = "<group>"; };
		06B055CC1F5D414200A9CE68 /* MBProgressHUD+Custom.m */ = {isa = PBXFileReference; fileEncoding = 4; lastKnownFileType = sourcecode.c.objc; path = "MBProgressHUD+Custom.m"; sourceTree = "<group>"; };
		06B055CF1F5D46BF00A9CE68 /* UserLoginRequest.h */ = {isa = PBXFileReference; fileEncoding = 4; lastKnownFileType = sourcecode.c.h; path = UserLoginRequest.h; sourceTree = "<group>"; };
		06B055D01F5D46BF00A9CE68 /* UserLoginRequest.m */ = {isa = PBXFileReference; fileEncoding = 4; lastKnownFileType = sourcecode.c.objc; path = UserLoginRequest.m; sourceTree = "<group>"; };
		06B055D31F5D47EC00A9CE68 /* Helper.h */ = {isa = PBXFileReference; fileEncoding = 4; lastKnownFileType = sourcecode.c.h; path = Helper.h; sourceTree = "<group>"; };
		06B055D41F5D47EC00A9CE68 /* Helper.m */ = {isa = PBXFileReference; fileEncoding = 4; lastKnownFileType = sourcecode.c.objc; path = Helper.m; sourceTree = "<group>"; };
		06B055D61F5D486800A9CE68 /* GCCGetInfo.h */ = {isa = PBXFileReference; fileEncoding = 4; lastKnownFileType = sourcecode.c.h; path = GCCGetInfo.h; sourceTree = "<group>"; };
		06B055D71F5D486800A9CE68 /* GCCGetInfo.m */ = {isa = PBXFileReference; fileEncoding = 4; lastKnownFileType = sourcecode.c.objc; path = GCCGetInfo.m; sourceTree = "<group>"; };
		06B055D91F5D48D800A9CE68 /* GCCKeyChain.h */ = {isa = PBXFileReference; fileEncoding = 4; lastKnownFileType = sourcecode.c.h; path = GCCKeyChain.h; sourceTree = "<group>"; };
		06B055DA1F5D48D800A9CE68 /* GCCKeyChain.m */ = {isa = PBXFileReference; fileEncoding = 4; lastKnownFileType = sourcecode.c.objc; path = GCCKeyChain.m; sourceTree = "<group>"; };
		06B055DC1F5D498000A9CE68 /* UserManager.h */ = {isa = PBXFileReference; fileEncoding = 4; lastKnownFileType = sourcecode.c.h; path = UserManager.h; sourceTree = "<group>"; };
		06B055DD1F5D498000A9CE68 /* UserManager.m */ = {isa = PBXFileReference; fileEncoding = 4; lastKnownFileType = sourcecode.c.objc; path = UserManager.m; sourceTree = "<group>"; };
		06B055E11F5D4A7D00A9CE68 /* Jastor-Prefix.pch */ = {isa = PBXFileReference; fileEncoding = 4; lastKnownFileType = sourcecode.c.h; path = "Jastor-Prefix.pch"; sourceTree = "<group>"; };
		06B055E21F5D4A7D00A9CE68 /* Jastor.h */ = {isa = PBXFileReference; fileEncoding = 4; lastKnownFileType = sourcecode.c.h; path = Jastor.h; sourceTree = "<group>"; };
		06B055E31F5D4A7D00A9CE68 /* Jastor.m */ = {isa = PBXFileReference; fileEncoding = 4; lastKnownFileType = sourcecode.c.objc; path = Jastor.m; sourceTree = "<group>"; };
		06B055E41F5D4A7D00A9CE68 /* JastorRuntimeHelper.h */ = {isa = PBXFileReference; fileEncoding = 4; lastKnownFileType = sourcecode.c.h; path = JastorRuntimeHelper.h; sourceTree = "<group>"; };
		06B055E51F5D4A7D00A9CE68 /* JastorRuntimeHelper.m */ = {isa = PBXFileReference; fileEncoding = 4; lastKnownFileType = sourcecode.c.objc; path = JastorRuntimeHelper.m; sourceTree = "<group>"; };
		06B055E81F5D4AAC00A9CE68 /* UserModel.h */ = {isa = PBXFileReference; fileEncoding = 4; lastKnownFileType = sourcecode.c.h; path = UserModel.h; sourceTree = "<group>"; };
		06B055E91F5D4AAC00A9CE68 /* UserModel.m */ = {isa = PBXFileReference; fileEncoding = 4; lastKnownFileType = sourcecode.c.objc; path = UserModel.m; sourceTree = "<group>"; };
		06B055EB1F5D56CF00A9CE68 /* BaseNavigationController.h */ = {isa = PBXFileReference; fileEncoding = 4; lastKnownFileType = sourcecode.c.h; path = BaseNavigationController.h; sourceTree = "<group>"; };
		06B055EC1F5D56CF00A9CE68 /* BaseNavigationController.m */ = {isa = PBXFileReference; fileEncoding = 4; lastKnownFileType = sourcecode.c.objc; path = BaseNavigationController.m; sourceTree = "<group>"; };
		06B055EF1F5D572500A9CE68 /* UIImage+Additional.h */ = {isa = PBXFileReference; fileEncoding = 4; lastKnownFileType = sourcecode.c.h; path = "UIImage+Additional.h"; sourceTree = "<group>"; };
		06B055F01F5D572500A9CE68 /* UIImage+Additional.m */ = {isa = PBXFileReference; fileEncoding = 4; lastKnownFileType = sourcecode.c.objc; path = "UIImage+Additional.m"; sourceTree = "<group>"; };
		06B055F11F5D572500A9CE68 /* UIView+Additional.h */ = {isa = PBXFileReference; fileEncoding = 4; lastKnownFileType = sourcecode.c.h; path = "UIView+Additional.h"; sourceTree = "<group>"; };
		06B055F21F5D572500A9CE68 /* UIView+Additional.m */ = {isa = PBXFileReference; fileEncoding = 4; lastKnownFileType = sourcecode.c.objc; path = "UIView+Additional.m"; sourceTree = "<group>"; };
		06B055F61F5D57A700A9CE68 /* HomeViewController.h */ = {isa = PBXFileReference; fileEncoding = 4; lastKnownFileType = sourcecode.c.h; path = HomeViewController.h; sourceTree = "<group>"; };
		06B055F71F5D57A700A9CE68 /* HomeViewController.m */ = {isa = PBXFileReference; fileEncoding = 4; lastKnownFileType = sourcecode.c.objc; path = HomeViewController.m; sourceTree = "<group>"; };
		06B055FA1F5D58A200A9CE68 /* HomeUserInfoView.h */ = {isa = PBXFileReference; fileEncoding = 4; lastKnownFileType = sourcecode.c.h; path = HomeUserInfoView.h; sourceTree = "<group>"; };
		06B055FB1F5D58A200A9CE68 /* HomeUserInfoView.m */ = {isa = PBXFileReference; fileEncoding = 4; lastKnownFileType = sourcecode.c.objc; path = HomeUserInfoView.m; sourceTree = "<group>"; };
		06B056001F5D599500A9CE68 /* HotTopicTools.h */ = {isa = PBXFileReference; fileEncoding = 4; lastKnownFileType = sourcecode.c.h; path = HotTopicTools.h; sourceTree = "<group>"; };
		06B056011F5D599500A9CE68 /* HotTopicTools.m */ = {isa = PBXFileReference; fileEncoding = 4; lastKnownFileType = sourcecode.c.objc; path = HotTopicTools.m; sourceTree = "<group>"; };
		06ECDC491F5969AB007FBD83 /* HotTopicForMaintenance.app */ = {isa = PBXFileReference; explicitFileType = wrapper.application; includeInIndex = 0; path = HotTopicForMaintenance.app; sourceTree = BUILT_PRODUCTS_DIR; };
		06ECDC4D1F5969AB007FBD83 /* main.m */ = {isa = PBXFileReference; lastKnownFileType = sourcecode.c.objc; path = main.m; sourceTree = "<group>"; };
		06ECDC4F1F5969AB007FBD83 /* AppDelegate.h */ = {isa = PBXFileReference; lastKnownFileType = sourcecode.c.h; path = AppDelegate.h; sourceTree = "<group>"; };
		06ECDC501F5969AB007FBD83 /* AppDelegate.m */ = {isa = PBXFileReference; lastKnownFileType = sourcecode.c.objc; path = AppDelegate.m; sourceTree = "<group>"; };
		06ECDC581F5969AB007FBD83 /* Assets.xcassets */ = {isa = PBXFileReference; lastKnownFileType = folder.assetcatalog; path = Assets.xcassets; sourceTree = "<group>"; };
		06ECDC5D1F5969AB007FBD83 /* Info.plist */ = {isa = PBXFileReference; lastKnownFileType = text.plist.xml; path = Info.plist; sourceTree = "<group>"; };
		06ECDC621F5969AB007FBD83 /* HotTopicForMaintenanceTests.xctest */ = {isa = PBXFileReference; explicitFileType = wrapper.cfbundle; includeInIndex = 0; path = HotTopicForMaintenanceTests.xctest; sourceTree = BUILT_PRODUCTS_DIR; };
		06ECDC661F5969AB007FBD83 /* HotTopicForMaintenanceTests.m */ = {isa = PBXFileReference; lastKnownFileType = sourcecode.c.objc; path = HotTopicForMaintenanceTests.m; sourceTree = "<group>"; };
		06ECDC681F5969AB007FBD83 /* Info.plist */ = {isa = PBXFileReference; lastKnownFileType = text.plist.xml; path = Info.plist; sourceTree = "<group>"; };
		06ECDC6D1F5969AB007FBD83 /* HotTopicForMaintenanceUITests.xctest */ = {isa = PBXFileReference; explicitFileType = wrapper.cfbundle; includeInIndex = 0; path = HotTopicForMaintenanceUITests.xctest; sourceTree = BUILT_PRODUCTS_DIR; };
		06ECDC711F5969AB007FBD83 /* HotTopicForMaintenanceUITests.m */ = {isa = PBXFileReference; lastKnownFileType = sourcecode.c.objc; path = HotTopicForMaintenanceUITests.m; sourceTree = "<group>"; };
		06ECDC731F5969AB007FBD83 /* Info.plist */ = {isa = PBXFileReference; lastKnownFileType = text.plist.xml; path = Info.plist; sourceTree = "<group>"; };
		06ECDC831F596C47007FBD83 /* NetworkConfiguration.h */ = {isa = PBXFileReference; fileEncoding = 4; lastKnownFileType = sourcecode.c.h; path = NetworkConfiguration.h; sourceTree = "<group>"; };
		06ECDC841F596C47007FBD83 /* NetworkConfiguration.m */ = {isa = PBXFileReference; fileEncoding = 4; lastKnownFileType = sourcecode.c.objc; path = NetworkConfiguration.m; sourceTree = "<group>"; };
		06ECDC8C1F596DCD007FBD83 /* ConverUtil.h */ = {isa = PBXFileReference; fileEncoding = 4; lastKnownFileType = sourcecode.c.h; path = ConverUtil.h; sourceTree = "<group>"; };
		06ECDC8D1F596DCD007FBD83 /* ConverUtil.m */ = {isa = PBXFileReference; fileEncoding = 4; lastKnownFileType = sourcecode.c.objc; path = ConverUtil.m; sourceTree = "<group>"; };
		06ECDC8E1F596DCD007FBD83 /* DesUtil.h */ = {isa = PBXFileReference; fileEncoding = 4; lastKnownFileType = sourcecode.c.h; path = DesUtil.h; sourceTree = "<group>"; };
		06ECDC8F1F596DCD007FBD83 /* DesUtil.m */ = {isa = PBXFileReference; fileEncoding = 4; lastKnownFileType = sourcecode.c.objc; path = DesUtil.m; sourceTree = "<group>"; };
		06ECDC931F596E3D007FBD83 /* ColorMacro.h */ = {isa = PBXFileReference; fileEncoding = 4; lastKnownFileType = sourcecode.c.h; path = ColorMacro.h; sourceTree = "<group>"; };
		06ECDC941F596E3D007FBD83 /* LayoutMacro.h */ = {isa = PBXFileReference; fileEncoding = 4; lastKnownFileType = sourcecode.c.h; path = LayoutMacro.h; sourceTree = "<group>"; };
		06ECDC951F596E3D007FBD83 /* SystemMacro.h */ = {isa = PBXFileReference; fileEncoding = 4; lastKnownFileType = sourcecode.c.h; path = SystemMacro.h; sourceTree = "<group>"; };
		06ECDC961F596E62007FBD83 /* HotTopicForMaintenance.pch */ = {isa = PBXFileReference; lastKnownFileType = sourcecode.c.h; path = HotTopicForMaintenance.pch; sourceTree = "<group>"; };
		1A452788AF09D343D0F3EABA /* Pods-HotTopicForMaintenance.debug.xcconfig */ = {isa = PBXFileReference; includeInIndex = 1; lastKnownFileType = text.xcconfig; name = "Pods-HotTopicForMaintenance.debug.xcconfig"; path = "Pods/Target Support Files/Pods-HotTopicForMaintenance/Pods-HotTopicForMaintenance.debug.xcconfig"; sourceTree = "<group>"; };
		3F947E8C600EAFB6DB1B0E66 /* Pods-HotTopicForMaintenance.release.xcconfig */ = {isa = PBXFileReference; includeInIndex = 1; lastKnownFileType = text.xcconfig; name = "Pods-HotTopicForMaintenance.release.xcconfig"; path = "Pods/Target Support Files/Pods-HotTopicForMaintenance/Pods-HotTopicForMaintenance.release.xcconfig"; sourceTree = "<group>"; };
		943310C53F8C67DA52F2D82C /* libPods-HotTopicForMaintenance.a */ = {isa = PBXFileReference; explicitFileType = archive.ar; includeInIndex = 0; path = "libPods-HotTopicForMaintenance.a"; sourceTree = BUILT_PRODUCTS_DIR; };
		96AA19841F5FC38100C06CE8 /* FaultListViewController.h */ = {isa = PBXFileReference; fileEncoding = 4; lastKnownFileType = sourcecode.c.h; path = FaultListViewController.h; sourceTree = "<group>"; };
		96AA19851F5FC38100C06CE8 /* FaultListViewController.m */ = {isa = PBXFileReference; fileEncoding = 4; lastKnownFileType = sourcecode.c.objc; path = FaultListViewController.m; sourceTree = "<group>"; };
		96AA19861F5FC38100C06CE8 /* lookRestaurInforViewController.h */ = {isa = PBXFileReference; fileEncoding = 4; lastKnownFileType = sourcecode.c.h; path = lookRestaurInforViewController.h; sourceTree = "<group>"; };
		96AA19871F5FC38100C06CE8 /* lookRestaurInforViewController.m */ = {isa = PBXFileReference; fileEncoding = 4; lastKnownFileType = sourcecode.c.objc; path = lookRestaurInforViewController.m; sourceTree = "<group>"; };
		96AA19881F5FC38100C06CE8 /* RestaurantRankInforViewController.h */ = {isa = PBXFileReference; fileEncoding = 4; lastKnownFileType = sourcecode.c.h; path = RestaurantRankInforViewController.h; sourceTree = "<group>"; };
		96AA19891F5FC38100C06CE8 /* RestaurantRankInforViewController.m */ = {isa = PBXFileReference; fileEncoding = 4; lastKnownFileType = sourcecode.c.objc; path = RestaurantRankInforViewController.m; sourceTree = "<group>"; };
		96AA198A1F5FC38100C06CE8 /* SearchHotelViewController.h */ = {isa = PBXFileReference; fileEncoding = 4; lastKnownFileType = sourcecode.c.h; path = SearchHotelViewController.h; sourceTree = "<group>"; };
		96AA198B1F5FC38100C06CE8 /* SearchHotelViewController.m */ = {isa = PBXFileReference; fileEncoding = 4; lastKnownFileType = sourcecode.c.objc; path = SearchHotelViewController.m; sourceTree = "<group>"; };
		96AA19911F5FC38C00C06CE8 /* FaultListTableViewCell.h */ = {isa = PBXFileReference; fileEncoding = 4; lastKnownFileType = sourcecode.c.h; path = FaultListTableViewCell.h; sourceTree = "<group>"; };
		96AA19921F5FC38C00C06CE8 /* FaultListTableViewCell.m */ = {isa = PBXFileReference; fileEncoding = 4; lastKnownFileType = sourcecode.c.objc; path = FaultListTableViewCell.m; sourceTree = "<group>"; };
		96AA19931F5FC38C00C06CE8 /* lookRestTableViewCell.h */ = {isa = PBXFileReference; fileEncoding = 4; lastKnownFileType = sourcecode.c.h; path = lookRestTableViewCell.h; sourceTree = "<group>"; };
		96AA19941F5FC38C00C06CE8 /* lookRestTableViewCell.m */ = {isa = PBXFileReference; fileEncoding = 4; lastKnownFileType = sourcecode.c.objc; path = lookRestTableViewCell.m; sourceTree = "<group>"; };
		96AA19951F5FC38C00C06CE8 /* RestaurantRankCell.h */ = {isa = PBXFileReference; fileEncoding = 4; lastKnownFileType = sourcecode.c.h; path = RestaurantRankCell.h; sourceTree = "<group>"; };
		96AA19961F5FC38C00C06CE8 /* RestaurantRankCell.m */ = {isa = PBXFileReference; fileEncoding = 4; lastKnownFileType = sourcecode.c.objc; path = RestaurantRankCell.m; sourceTree = "<group>"; };
		96AA19971F5FC38C00C06CE8 /* SearchTableViewCell.h */ = {isa = PBXFileReference; fileEncoding = 4; lastKnownFileType = sourcecode.c.h; path = SearchTableViewCell.h; sourceTree = "<group>"; };
		96AA19981F5FC38C00C06CE8 /* SearchTableViewCell.m */ = {isa = PBXFileReference; fileEncoding = 4; lastKnownFileType = sourcecode.c.objc; path = SearchTableViewCell.m; sourceTree = "<group>"; };
		96AA199E1F5FC39700C06CE8 /* RestaurantRankModel.h */ = {isa = PBXFileReference; fileEncoding = 4; lastKnownFileType = sourcecode.c.h; path = RestaurantRankModel.h; sourceTree = "<group>"; };
		96AA199F1F5FC39700C06CE8 /* RestaurantRankModel.m */ = {isa = PBXFileReference; fileEncoding = 4; lastKnownFileType = sourcecode.c.objc; path = RestaurantRankModel.m; sourceTree = "<group>"; };
		96AA19A21F5FC9A700C06CE8 /* SearchHotelRequest.h */ = {isa = PBXFileReference; fileEncoding = 4; lastKnownFileType = sourcecode.c.h; path = SearchHotelRequest.h; sourceTree = "<group>"; };
		96AA19A31F5FC9A700C06CE8 /* SearchHotelRequest.m */ = {isa = PBXFileReference; fileEncoding = 4; lastKnownFileType = sourcecode.c.objc; path = SearchHotelRequest.m; sourceTree = "<group>"; };
		96AA19A51F5FD03A00C06CE8 /* RestRankInforRequest.h */ = {isa = PBXFileReference; fileEncoding = 4; lastKnownFileType = sourcecode.c.h; path = RestRankInforRequest.h; sourceTree = "<group>"; };
		96AA19A61F5FD03A00C06CE8 /* RestRankInforRequest.m */ = {isa = PBXFileReference; fileEncoding = 4; lastKnownFileType = sourcecode.c.objc; path = RestRankInforRequest.m; sourceTree = "<group>"; };
		96AA19AB1F5FDFDC00C06CE8 /* RepairRecordRankModel.h */ = {isa = PBXFileReference; fileEncoding = 4; lastKnownFileType = sourcecode.c.h; path = RepairRecordRankModel.h; sourceTree = "<group>"; };
		96AA19AC1F5FDFDC00C06CE8 /* RepairRecordRankModel.m */ = {isa = PBXFileReference; fileEncoding = 4; lastKnownFileType = sourcecode.c.objc; path = RepairRecordRankModel.m; sourceTree = "<group>"; };
		96AA19AE1F5FF0C800C06CE8 /* LookHotelInforRequest.h */ = {isa = PBXFileReference; fileEncoding = 4; lastKnownFileType = sourcecode.c.h; path = LookHotelInforRequest.h; sourceTree = "<group>"; };
		96AA19AF1F5FF0C800C06CE8 /* LookHotelInforRequest.m */ = {isa = PBXFileReference; fileEncoding = 4; lastKnownFileType = sourcecode.c.objc; path = LookHotelInforRequest.m; sourceTree = "<group>"; };
		96AA19B11F600C8A00C06CE8 /* LookHotelInforModel.h */ = {isa = PBXFileReference; fileEncoding = 4; lastKnownFileType = sourcecode.c.h; path = LookHotelInforModel.h; sourceTree = "<group>"; };
		96AA19B21F600C8A00C06CE8 /* LookHotelInforModel.m */ = {isa = PBXFileReference; fileEncoding = 4; lastKnownFileType = sourcecode.c.objc; path = LookHotelInforModel.m; sourceTree = "<group>"; };
		96AA19B41F6025A200C06CE8 /* DamageConfigRequest.h */ = {isa = PBXFileReference; fileEncoding = 4; lastKnownFileType = sourcecode.c.h; path = DamageConfigRequest.h; sourceTree = "<group>"; };
		96AA19B51F6025A200C06CE8 /* DamageConfigRequest.m */ = {isa = PBXFileReference; fileEncoding = 4; lastKnownFileType = sourcecode.c.objc; path = DamageConfigRequest.m; sourceTree = "<group>"; };
		96AA19B71F60DC7B00C06CE8 /* DamageUploadModel.h */ = {isa = PBXFileReference; fileEncoding = 4; lastKnownFileType = sourcecode.c.h; path = DamageUploadModel.h; sourceTree = "<group>"; };
		96AA19B81F60DC7B00C06CE8 /* DamageUploadModel.m */ = {isa = PBXFileReference; fileEncoding = 4; lastKnownFileType = sourcecode.c.objc; path = DamageUploadModel.m; sourceTree = "<group>"; };
		96AA19BA1F60E20500C06CE8 /* DamageUploadRequest.h */ = {isa = PBXFileReference; fileEncoding = 4; lastKnownFileType = sourcecode.c.h; path = DamageUploadRequest.h; sourceTree = "<group>"; };
		96AA19BB1F60E20500C06CE8 /* DamageUploadRequest.m */ = {isa = PBXFileReference; fileEncoding = 4; lastKnownFileType = sourcecode.c.objc; path = DamageUploadRequest.m; sourceTree = "<group>"; };
/* End PBXFileReference section */

/* Begin PBXFrameworksBuildPhase section */
		06ECDC461F5969AB007FBD83 /* Frameworks */ = {
			isa = PBXFrameworksBuildPhase;
			buildActionMask = 2147483647;
			files = (
				066278341F61634600B2B8E8 /* UserNotifications.framework in Frameworks */,
				88A5533C69257F91FBC76C5E /* libPods-HotTopicForMaintenance.a in Frameworks */,
				066278321F61632E00B2B8E8 /* libUMessage_Sdk_1.5.0.a in Frameworks */,
			);
			runOnlyForDeploymentPostprocessing = 0;
		};
		06ECDC5F1F5969AB007FBD83 /* Frameworks */ = {
			isa = PBXFrameworksBuildPhase;
			buildActionMask = 2147483647;
			files = (
			);
			runOnlyForDeploymentPostprocessing = 0;
		};
		06ECDC6A1F5969AB007FBD83 /* Frameworks */ = {
			isa = PBXFrameworksBuildPhase;
			buildActionMask = 2147483647;
			files = (
			);
			runOnlyForDeploymentPostprocessing = 0;
		};
/* End PBXFrameworksBuildPhase section */

/* Begin PBXGroup section */
		0626DEBB1F5E74FA00686790 /* Hotels */ = {
			isa = PBXGroup;
			children = (
				0626DEBC1F5E754600686790 /* RepairRecordViewController.h */,
				0626DEBD1F5E754600686790 /* RepairRecordViewController.m */,
				066EA5421F5FE45B0054264C /* ErrorReportViewController.h */,
				066EA5431F5FE45B0054264C /* ErrorReportViewController.m */,
				066EA5521F6010830054264C /* ErrorDetailViewController.h */,
				066EA5531F6010830054264C /* ErrorDetailViewController.m */,
			);
			path = Hotels;
			sourceTree = "<group>";
		};
		06356D301F5D7B2400242940 /* RDAlertView */ = {
			isa = PBXGroup;
			children = (
				06356D311F5D7B2400242940 /* RDAlertAction.h */,
				06356D321F5D7B2400242940 /* RDAlertAction.m */,
				06356D331F5D7B2400242940 /* RDAlertView.h */,
				06356D341F5D7B2400242940 /* RDAlertView.m */,
				06356D351F5D7B2400242940 /* RDTextAlertView.h */,
				06356D361F5D7B2400242940 /* RDTextAlertView.m */,
			);
			path = RDAlertView;
			sourceTree = "<group>";
		};
		06356D3D1F5D8A8E00242940 /* TableViewCells */ = {
			isa = PBXGroup;
			children = (
				06356D451F5D99C500242940 /* HotelInfoTableViewCell.h */,
				06356D461F5D99C500242940 /* HotelInfoTableViewCell.m */,
				0626DEC51F5EBC6E00686790 /* RepairRecordTableViewCell.h */,
				0626DEC61F5EBC6E00686790 /* RepairRecordTableViewCell.m */,
				066EA53F1F5FCB500054264C /* RepairRecordHeaderView.h */,
				066EA5401F5FCB500054264C /* RepairRecordHeaderView.m */,
				066EA5491F5FEDDD0054264C /* ErrorReportTableViewCell.h */,
				066EA54A1F5FEDDD0054264C /* ErrorReportTableViewCell.m */,
				066EA5581F6012270054264C /* ErrorDetailTableViewCell.h */,
				066EA5591F6012270054264C /* ErrorDetailTableViewCell.m */,
			);
			path = TableViewCells;
			sourceTree = "<group>";
		};
		06356D411F5D962300242940 /* Hotels */ = {
			isa = PBXGroup;
			children = (
				06356D421F5D964900242940 /* HotelIndexRequest.h */,
				06356D431F5D964900242940 /* HotelIndexRequest.m */,
				066EA54F1F5FEF310054264C /* ErrorReportRequest.h */,
				066EA5501F5FEF310054264C /* ErrorReportRequest.m */,
				066EA5551F6010DF0054264C /* ErrorDetailRequest.h */,
				066EA5561F6010DF0054264C /* ErrorDetailRequest.m */,
			);
			path = Hotels;
			sourceTree = "<group>";
		};
		0662782F1F61632E00B2B8E8 /* UMessage_Sdk_1.5.0 */ = {
			isa = PBXGroup;
			children = (
				066278301F61632E00B2B8E8 /* libUMessage_Sdk_1.5.0.a */,
				066278311F61632E00B2B8E8 /* UMessage.h */,
			);
			path = UMessage_Sdk_1.5.0;
			sourceTree = "<group>";
		};
		06B055C01F5D009400A9CE68 /* BaseViewController */ = {
			isa = PBXGroup;
			children = (
				06B055C11F5D00D600A9CE68 /* BaseViewController.h */,
				06B055C21F5D00D600A9CE68 /* BaseViewController.m */,
				06B055EB1F5D56CF00A9CE68 /* BaseNavigationController.h */,
				06B055EC1F5D56CF00A9CE68 /* BaseNavigationController.m */,
			);
			path = BaseViewController;
			sourceTree = "<group>";
		};
		06B055C61F5D1C1200A9CE68 /* Users */ = {
			isa = PBXGroup;
			children = (
				06B055C71F5D1C4E00A9CE68 /* UserLoginViewController.h */,
				06B055C81F5D1C4E00A9CE68 /* UserLoginViewController.m */,
			);
			path = Users;
			sourceTree = "<group>";
		};
		06B055CA1F5D413000A9CE68 /* MBProgressHUD+Custom */ = {
			isa = PBXGroup;
			children = (
				06B055CB1F5D414200A9CE68 /* MBProgressHUD+Custom.h */,
				06B055CC1F5D414200A9CE68 /* MBProgressHUD+Custom.m */,
			);
			path = "MBProgressHUD+Custom";
			sourceTree = "<group>";
		};
		06B055CE1F5D466400A9CE68 /* Users */ = {
			isa = PBXGroup;
			children = (
				06B055CF1F5D46BF00A9CE68 /* UserLoginRequest.h */,
				06B055D01F5D46BF00A9CE68 /* UserLoginRequest.m */,
				0626DEBF1F5E860800686790 /* GetAllUserRequest.h */,
				0626DEC01F5E860800686790 /* GetAllUserRequest.m */,
				0626DEC21F5EACED00686790 /* GetRepairRecordListRequest.h */,
				0626DEC31F5EACED00686790 /* GetRepairRecordListRequest.m */,
				066EA5621F602FBF0054264C /* CheckUpdateRequest.h */,
				066EA5631F602FBF0054264C /* CheckUpdateRequest.m */,
			);
			path = Users;
			sourceTree = "<group>";
		};
		06B055D21F5D47DE00A9CE68 /* CustomHelper */ = {
			isa = PBXGroup;
			children = (
				06B055D31F5D47EC00A9CE68 /* Helper.h */,
				06B055D41F5D47EC00A9CE68 /* Helper.m */,
				06B055D61F5D486800A9CE68 /* GCCGetInfo.h */,
				06B055D71F5D486800A9CE68 /* GCCGetInfo.m */,
				06B055D91F5D48D800A9CE68 /* GCCKeyChain.h */,
				06B055DA1F5D48D800A9CE68 /* GCCKeyChain.m */,
				06B056001F5D599500A9CE68 /* HotTopicTools.h */,
				06B056011F5D599500A9CE68 /* HotTopicTools.m */,
			);
			path = CustomHelper;
			sourceTree = "<group>";
		};
		06B055DF1F5D4A3400A9CE68 /* Users */ = {
			isa = PBXGroup;
			children = (
				06B055E81F5D4AAC00A9CE68 /* UserModel.h */,
				06B055E91F5D4AAC00A9CE68 /* UserModel.m */,
				0626DEC81F5EC14500686790 /* RepairRecordModel.h */,
				0626DEC91F5EC14500686790 /* RepairRecordModel.m */,
				0626DECB1F5EC99F00686790 /* RepairRecordDetailModel.h */,
				0626DECC1F5EC99F00686790 /* RepairRecordDetailModel.m */,
				068E65BF1F616B4900644CE6 /* UserNotificationModel.h */,
				068E65C01F616B4900644CE6 /* UserNotificationModel.m */,
			);
			path = Users;
			sourceTree = "<group>";
		};
		06B055E01F5D4A7D00A9CE68 /* Jastor */ = {
			isa = PBXGroup;
			children = (
				06B055E11F5D4A7D00A9CE68 /* Jastor-Prefix.pch */,
				06B055E21F5D4A7D00A9CE68 /* Jastor.h */,
				06B055E31F5D4A7D00A9CE68 /* Jastor.m */,
				06B055E41F5D4A7D00A9CE68 /* JastorRuntimeHelper.h */,
				06B055E51F5D4A7D00A9CE68 /* JastorRuntimeHelper.m */,
			);
			path = Jastor;
			sourceTree = "<group>";
		};
		06B055EE1F5D572500A9CE68 /* Additional */ = {
			isa = PBXGroup;
			children = (
				06B055EF1F5D572500A9CE68 /* UIImage+Additional.h */,
				06B055F01F5D572500A9CE68 /* UIImage+Additional.m */,
				06B055F11F5D572500A9CE68 /* UIView+Additional.h */,
				06B055F21F5D572500A9CE68 /* UIView+Additional.m */,
			);
			path = Additional;
			sourceTree = "<group>";
		};
		06B055F51F5D578B00A9CE68 /* Home */ = {
			isa = PBXGroup;
			children = (
				06B055F61F5D57A700A9CE68 /* HomeViewController.h */,
				06B055F71F5D57A700A9CE68 /* HomeViewController.m */,
			);
			path = Home;
			sourceTree = "<group>";
		};
		06B055F91F5D588B00A9CE68 /* Home */ = {
			isa = PBXGroup;
			children = (
				06B055FA1F5D58A200A9CE68 /* HomeUserInfoView.h */,
				06B055FB1F5D58A200A9CE68 /* HomeUserInfoView.m */,
				06356D3A1F5D7F6B00242940 /* HomeHotelInfoView.h */,
				06356D3B1F5D7F6B00242940 /* HomeHotelInfoView.m */,
			);
			path = Home;
			sourceTree = "<group>";
		};
		06ECDC401F5969AB007FBD83 = {
			isa = PBXGroup;
			children = (
				06ECDC4B1F5969AB007FBD83 /* HotTopicForMaintenance */,
				06ECDC651F5969AB007FBD83 /* HotTopicForMaintenanceTests */,
				06ECDC701F5969AB007FBD83 /* HotTopicForMaintenanceUITests */,
				06ECDC4A1F5969AB007FBD83 /* Products */,
				CD3841AC6AE5D8A0785CF0D8 /* Pods */,
				EEB3D89891EE41A7BAAEE315 /* Frameworks */,
			);
			sourceTree = "<group>";
		};
		06ECDC4A1F5969AB007FBD83 /* Products */ = {
			isa = PBXGroup;
			children = (
				06ECDC491F5969AB007FBD83 /* HotTopicForMaintenance.app */,
				06ECDC621F5969AB007FBD83 /* HotTopicForMaintenanceTests.xctest */,
				06ECDC6D1F5969AB007FBD83 /* HotTopicForMaintenanceUITests.xctest */,
			);
			name = Products;
			sourceTree = "<group>";
		};
		06ECDC4B1F5969AB007FBD83 /* HotTopicForMaintenance */ = {
			isa = PBXGroup;
			children = (
				066278351F61637800B2B8E8 /* HotTopicForMaintenance.entitlements */,
				06ECDC4F1F5969AB007FBD83 /* AppDelegate.h */,
				06ECDC501F5969AB007FBD83 /* AppDelegate.m */,
				06ECDC921F596E3D007FBD83 /* Macro */,
				06ECDC801F596BFB007FBD83 /* Models */,
				06ECDC811F596C08007FBD83 /* Views */,
				06ECDC7F1F596BF0007FBD83 /* ViewControllers */,
				06ECDC821F596C1E007FBD83 /* Networks */,
				06ECDC8A1F596DCD007FBD83 /* Helpers */,
				06ECDC581F5969AB007FBD83 /* Assets.xcassets */,
				06ECDC5D1F5969AB007FBD83 /* Info.plist */,
				06ECDC4C1F5969AB007FBD83 /* Supporting Files */,
			);
			path = HotTopicForMaintenance;
			sourceTree = "<group>";
		};
		06ECDC4C1F5969AB007FBD83 /* Supporting Files */ = {
			isa = PBXGroup;
			children = (
				06ECDC4D1F5969AB007FBD83 /* main.m */,
				06ECDC961F596E62007FBD83 /* HotTopicForMaintenance.pch */,
			);
			name = "Supporting Files";
			sourceTree = "<group>";
		};
		06ECDC651F5969AB007FBD83 /* HotTopicForMaintenanceTests */ = {
			isa = PBXGroup;
			children = (
				06ECDC661F5969AB007FBD83 /* HotTopicForMaintenanceTests.m */,
				06ECDC681F5969AB007FBD83 /* Info.plist */,
			);
			path = HotTopicForMaintenanceTests;
			sourceTree = "<group>";
		};
		06ECDC701F5969AB007FBD83 /* HotTopicForMaintenanceUITests */ = {
			isa = PBXGroup;
			children = (
				06ECDC711F5969AB007FBD83 /* HotTopicForMaintenanceUITests.m */,
				06ECDC731F5969AB007FBD83 /* Info.plist */,
			);
			path = HotTopicForMaintenanceUITests;
			sourceTree = "<group>";
		};
		06ECDC7F1F596BF0007FBD83 /* ViewControllers */ = {
			isa = PBXGroup;
			children = (
				96AA19831F5FC38100C06CE8 /* HotesRankInfor */,
				0626DEBB1F5E74FA00686790 /* Hotels */,
				06B055F51F5D578B00A9CE68 /* Home */,
				06B055C61F5D1C1200A9CE68 /* Users */,
				06B055C01F5D009400A9CE68 /* BaseViewController */,
			);
			path = ViewControllers;
			sourceTree = "<group>";
		};
		06ECDC801F596BFB007FBD83 /* Models */ = {
			isa = PBXGroup;
			children = (
				96AA199D1F5FC39700C06CE8 /* HoteRankModel */,
				06B055DC1F5D498000A9CE68 /* UserManager.h */,
				06B055DD1F5D498000A9CE68 /* UserManager.m */,
				06B055E01F5D4A7D00A9CE68 /* Jastor */,
				06B055DF1F5D4A3400A9CE68 /* Users */,
			);
			path = Models;
			sourceTree = "<group>";
		};
		06ECDC811F596C08007FBD83 /* Views */ = {
			isa = PBXGroup;
			children = (
				96AA19901F5FC38C00C06CE8 /* HoteRankViews */,
				06356D3D1F5D8A8E00242940 /* TableViewCells */,
				06356D301F5D7B2400242940 /* RDAlertView */,
				06B055F91F5D588B00A9CE68 /* Home */,
				06B055CA1F5D413000A9CE68 /* MBProgressHUD+Custom */,
			);
			path = Views;
			sourceTree = "<group>";
		};
		06ECDC821F596C1E007FBD83 /* Networks */ = {
			isa = PBXGroup;
			children = (
				96AA19A11F5FC97900C06CE8 /* HotelRankNet */,
				06356D411F5D962300242940 /* Hotels */,
				06B055CE1F5D466400A9CE68 /* Users */,
				06ECDC831F596C47007FBD83 /* NetworkConfiguration.h */,
				06ECDC841F596C47007FBD83 /* NetworkConfiguration.m */,
			);
			path = Networks;
			sourceTree = "<group>";
		};
		06ECDC8A1F596DCD007FBD83 /* Helpers */ = {
			isa = PBXGroup;
			children = (
				0662782F1F61632E00B2B8E8 /* UMessage_Sdk_1.5.0 */,
				06B055EE1F5D572500A9CE68 /* Additional */,
				06B055D21F5D47DE00A9CE68 /* CustomHelper */,
				06ECDC8B1F596DCD007FBD83 /* DesUtil */,
			);
			path = Helpers;
			sourceTree = "<group>";
		};
		06ECDC8B1F596DCD007FBD83 /* DesUtil */ = {
			isa = PBXGroup;
			children = (
				06ECDC8C1F596DCD007FBD83 /* ConverUtil.h */,
				06ECDC8D1F596DCD007FBD83 /* ConverUtil.m */,
				06ECDC8E1F596DCD007FBD83 /* DesUtil.h */,
				06ECDC8F1F596DCD007FBD83 /* DesUtil.m */,
			);
			path = DesUtil;
			sourceTree = "<group>";
		};
		06ECDC921F596E3D007FBD83 /* Macro */ = {
			isa = PBXGroup;
			children = (
				06ECDC931F596E3D007FBD83 /* ColorMacro.h */,
				06ECDC941F596E3D007FBD83 /* LayoutMacro.h */,
				06ECDC951F596E3D007FBD83 /* SystemMacro.h */,
			);
			path = Macro;
			sourceTree = "<group>";
		};
		96AA19831F5FC38100C06CE8 /* HotesRankInfor */ = {
			isa = PBXGroup;
			children = (
				96AA19841F5FC38100C06CE8 /* FaultListViewController.h */,
				96AA19851F5FC38100C06CE8 /* FaultListViewController.m */,
				96AA19861F5FC38100C06CE8 /* lookRestaurInforViewController.h */,
				96AA19871F5FC38100C06CE8 /* lookRestaurInforViewController.m */,
				96AA19881F5FC38100C06CE8 /* RestaurantRankInforViewController.h */,
				96AA19891F5FC38100C06CE8 /* RestaurantRankInforViewController.m */,
				96AA198A1F5FC38100C06CE8 /* SearchHotelViewController.h */,
				96AA198B1F5FC38100C06CE8 /* SearchHotelViewController.m */,
			);
			path = HotesRankInfor;
			sourceTree = "<group>";
		};
		96AA19901F5FC38C00C06CE8 /* HoteRankViews */ = {
			isa = PBXGroup;
			children = (
				96AA19911F5FC38C00C06CE8 /* FaultListTableViewCell.h */,
				96AA19921F5FC38C00C06CE8 /* FaultListTableViewCell.m */,
				96AA19931F5FC38C00C06CE8 /* lookRestTableViewCell.h */,
				96AA19941F5FC38C00C06CE8 /* lookRestTableViewCell.m */,
				96AA19951F5FC38C00C06CE8 /* RestaurantRankCell.h */,
				96AA19961F5FC38C00C06CE8 /* RestaurantRankCell.m */,
				96AA19971F5FC38C00C06CE8 /* SearchTableViewCell.h */,
				96AA19981F5FC38C00C06CE8 /* SearchTableViewCell.m */,
			);
			path = HoteRankViews;
			sourceTree = "<group>";
		};
		96AA199D1F5FC39700C06CE8 /* HoteRankModel */ = {
			isa = PBXGroup;
			children = (
				96AA199E1F5FC39700C06CE8 /* RestaurantRankModel.h */,
				96AA199F1F5FC39700C06CE8 /* RestaurantRankModel.m */,
				96AA19AB1F5FDFDC00C06CE8 /* RepairRecordRankModel.h */,
				96AA19AC1F5FDFDC00C06CE8 /* RepairRecordRankModel.m */,
				066EA54C1F5FEE6B0054264C /* ErrorReportModel.h */,
				066EA54D1F5FEE6B0054264C /* ErrorReportModel.m */,
				066EA55B1F6012500054264C /* ErrorDetailModel.h */,
				066EA55C1F6012500054264C /* ErrorDetailModel.m */,
				96AA19B11F600C8A00C06CE8 /* LookHotelInforModel.h */,
				96AA19B21F600C8A00C06CE8 /* LookHotelInforModel.m */,
				96AA19B71F60DC7B00C06CE8 /* DamageUploadModel.h */,
				96AA19B81F60DC7B00C06CE8 /* DamageUploadModel.m */,
			);
			path = HoteRankModel;
			sourceTree = "<group>";
		};
		96AA19A11F5FC97900C06CE8 /* HotelRankNet */ = {
			isa = PBXGroup;
			children = (
				96AA19A21F5FC9A700C06CE8 /* SearchHotelRequest.h */,
				96AA19A31F5FC9A700C06CE8 /* SearchHotelRequest.m */,
				96AA19A51F5FD03A00C06CE8 /* RestRankInforRequest.h */,
				96AA19A61F5FD03A00C06CE8 /* RestRankInforRequest.m */,
				96AA19AE1F5FF0C800C06CE8 /* LookHotelInforRequest.h */,
				96AA19AF1F5FF0C800C06CE8 /* LookHotelInforRequest.m */,
				96AA19B41F6025A200C06CE8 /* DamageConfigRequest.h */,
				96AA19B51F6025A200C06CE8 /* DamageConfigRequest.m */,
				96AA19BA1F60E20500C06CE8 /* DamageUploadRequest.h */,
				96AA19BB1F60E20500C06CE8 /* DamageUploadRequest.m */,
			);
			path = HotelRankNet;
			sourceTree = "<group>";
		};
		CD3841AC6AE5D8A0785CF0D8 /* Pods */ = {
			isa = PBXGroup;
			children = (
				1A452788AF09D343D0F3EABA /* Pods-HotTopicForMaintenance.debug.xcconfig */,
				3F947E8C600EAFB6DB1B0E66 /* Pods-HotTopicForMaintenance.release.xcconfig */,
			);
			name = Pods;
			sourceTree = "<group>";
		};
		EEB3D89891EE41A7BAAEE315 /* Frameworks */ = {
			isa = PBXGroup;
			children = (
				066278331F61634600B2B8E8 /* UserNotifications.framework */,
				943310C53F8C67DA52F2D82C /* libPods-HotTopicForMaintenance.a */,
			);
			name = Frameworks;
			sourceTree = "<group>";
		};
/* End PBXGroup section */

/* Begin PBXNativeTarget section */
		06ECDC481F5969AB007FBD83 /* HotTopicForMaintenance */ = {
			isa = PBXNativeTarget;
			buildConfigurationList = 06ECDC761F5969AB007FBD83 /* Build configuration list for PBXNativeTarget "HotTopicForMaintenance" */;
			buildPhases = (
				B480AD3BBF3BCA5B557ADA65 /* [CP] Check Pods Manifest.lock */,
				06ECDC451F5969AB007FBD83 /* Sources */,
				06ECDC461F5969AB007FBD83 /* Frameworks */,
				06ECDC471F5969AB007FBD83 /* Resources */,
				239E1321A0F2764A2FC08500 /* [CP] Embed Pods Frameworks */,
				1C35F9B9ADF49E515EBF81F8 /* [CP] Copy Pods Resources */,
			);
			buildRules = (
			);
			dependencies = (
			);
			name = HotTopicForMaintenance;
			productName = HotTopicForMaintenance;
			productReference = 06ECDC491F5969AB007FBD83 /* HotTopicForMaintenance.app */;
			productType = "com.apple.product-type.application";
		};
		06ECDC611F5969AB007FBD83 /* HotTopicForMaintenanceTests */ = {
			isa = PBXNativeTarget;
			buildConfigurationList = 06ECDC791F5969AB007FBD83 /* Build configuration list for PBXNativeTarget "HotTopicForMaintenanceTests" */;
			buildPhases = (
				06ECDC5E1F5969AB007FBD83 /* Sources */,
				06ECDC5F1F5969AB007FBD83 /* Frameworks */,
				06ECDC601F5969AB007FBD83 /* Resources */,
			);
			buildRules = (
			);
			dependencies = (
				06ECDC641F5969AB007FBD83 /* PBXTargetDependency */,
			);
			name = HotTopicForMaintenanceTests;
			productName = HotTopicForMaintenanceTests;
			productReference = 06ECDC621F5969AB007FBD83 /* HotTopicForMaintenanceTests.xctest */;
			productType = "com.apple.product-type.bundle.unit-test";
		};
		06ECDC6C1F5969AB007FBD83 /* HotTopicForMaintenanceUITests */ = {
			isa = PBXNativeTarget;
			buildConfigurationList = 06ECDC7C1F5969AB007FBD83 /* Build configuration list for PBXNativeTarget "HotTopicForMaintenanceUITests" */;
			buildPhases = (
				06ECDC691F5969AB007FBD83 /* Sources */,
				06ECDC6A1F5969AB007FBD83 /* Frameworks */,
				06ECDC6B1F5969AB007FBD83 /* Resources */,
			);
			buildRules = (
			);
			dependencies = (
				06ECDC6F1F5969AB007FBD83 /* PBXTargetDependency */,
			);
			name = HotTopicForMaintenanceUITests;
			productName = HotTopicForMaintenanceUITests;
			productReference = 06ECDC6D1F5969AB007FBD83 /* HotTopicForMaintenanceUITests.xctest */;
			productType = "com.apple.product-type.bundle.ui-testing";
		};
/* End PBXNativeTarget section */

/* Begin PBXProject section */
		06ECDC411F5969AB007FBD83 /* Project object */ = {
			isa = PBXProject;
			attributes = {
				LastUpgradeCheck = 0830;
				ORGANIZATIONNAME = "郭春城";
				TargetAttributes = {
					06ECDC481F5969AB007FBD83 = {
						CreatedOnToolsVersion = 8.3.3;
						DevelopmentTeam = 922V2U92Z9;
						ProvisioningStyle = Manual;
						SystemCapabilities = {
							com.apple.Push = {
								enabled = 1;
							};
						};
					};
					06ECDC611F5969AB007FBD83 = {
						CreatedOnToolsVersion = 8.3.3;
						DevelopmentTeam = 922V2U92Z9;
						ProvisioningStyle = Automatic;
						TestTargetID = 06ECDC481F5969AB007FBD83;
					};
					06ECDC6C1F5969AB007FBD83 = {
						CreatedOnToolsVersion = 8.3.3;
						DevelopmentTeam = 922V2U92Z9;
						ProvisioningStyle = Automatic;
						TestTargetID = 06ECDC481F5969AB007FBD83;
					};
				};
			};
			buildConfigurationList = 06ECDC441F5969AB007FBD83 /* Build configuration list for PBXProject "HotTopicForMaintenance" */;
			compatibilityVersion = "Xcode 3.2";
			developmentRegion = English;
			hasScannedForEncodings = 0;
			knownRegions = (
				en,
				Base,
			);
			mainGroup = 06ECDC401F5969AB007FBD83;
			productRefGroup = 06ECDC4A1F5969AB007FBD83 /* Products */;
			projectDirPath = "";
			projectRoot = "";
			targets = (
				06ECDC481F5969AB007FBD83 /* HotTopicForMaintenance */,
				06ECDC611F5969AB007FBD83 /* HotTopicForMaintenanceTests */,
				06ECDC6C1F5969AB007FBD83 /* HotTopicForMaintenanceUITests */,
			);
		};
/* End PBXProject section */

/* Begin PBXResourcesBuildPhase section */
		06ECDC471F5969AB007FBD83 /* Resources */ = {
			isa = PBXResourcesBuildPhase;
			buildActionMask = 2147483647;
			files = (
				06ECDC591F5969AB007FBD83 /* Assets.xcassets in Resources */,
			);
			runOnlyForDeploymentPostprocessing = 0;
		};
		06ECDC601F5969AB007FBD83 /* Resources */ = {
			isa = PBXResourcesBuildPhase;
			buildActionMask = 2147483647;
			files = (
			);
			runOnlyForDeploymentPostprocessing = 0;
		};
		06ECDC6B1F5969AB007FBD83 /* Resources */ = {
			isa = PBXResourcesBuildPhase;
			buildActionMask = 2147483647;
			files = (
			);
			runOnlyForDeploymentPostprocessing = 0;
		};
/* End PBXResourcesBuildPhase section */

/* Begin PBXShellScriptBuildPhase section */
		1C35F9B9ADF49E515EBF81F8 /* [CP] Copy Pods Resources */ = {
			isa = PBXShellScriptBuildPhase;
			buildActionMask = 2147483647;
			files = (
			);
			inputPaths = (
			);
			name = "[CP] Copy Pods Resources";
			outputPaths = (
			);
			runOnlyForDeploymentPostprocessing = 0;
			shellPath = /bin/sh;
			shellScript = "\"${SRCROOT}/Pods/Target Support Files/Pods-HotTopicForMaintenance/Pods-HotTopicForMaintenance-resources.sh\"\n";
			showEnvVarsInLog = 0;
		};
		239E1321A0F2764A2FC08500 /* [CP] Embed Pods Frameworks */ = {
			isa = PBXShellScriptBuildPhase;
			buildActionMask = 2147483647;
			files = (
			);
			inputPaths = (
			);
			name = "[CP] Embed Pods Frameworks";
			outputPaths = (
			);
			runOnlyForDeploymentPostprocessing = 0;
			shellPath = /bin/sh;
			shellScript = "\"${SRCROOT}/Pods/Target Support Files/Pods-HotTopicForMaintenance/Pods-HotTopicForMaintenance-frameworks.sh\"\n";
			showEnvVarsInLog = 0;
		};
		B480AD3BBF3BCA5B557ADA65 /* [CP] Check Pods Manifest.lock */ = {
			isa = PBXShellScriptBuildPhase;
			buildActionMask = 2147483647;
			files = (
			);
			inputPaths = (
			);
			name = "[CP] Check Pods Manifest.lock";
			outputPaths = (
			);
			runOnlyForDeploymentPostprocessing = 0;
			shellPath = /bin/sh;
			shellScript = "diff \"${PODS_ROOT}/../Podfile.lock\" \"${PODS_ROOT}/Manifest.lock\" > /dev/null\nif [[ $? != 0 ]] ; then\n    cat << EOM\nerror: The sandbox is not in sync with the Podfile.lock. Run 'pod install' or update your CocoaPods installation.\nEOM\n    exit 1\nfi\n";
			showEnvVarsInLog = 0;
		};
/* End PBXShellScriptBuildPhase section */

/* Begin PBXSourcesBuildPhase section */
		06ECDC451F5969AB007FBD83 /* Sources */ = {
			isa = PBXSourcesBuildPhase;
			buildActionMask = 2147483647;
			files = (
				96AA19A71F5FD03A00C06CE8 /* RestRankInforRequest.m in Sources */,
				066EA55A1F6012270054264C /* ErrorDetailTableViewCell.m in Sources */,
				0626DEBE1F5E754600686790 /* RepairRecordViewController.m in Sources */,
				96AA19B91F60DC7B00C06CE8 /* DamageUploadModel.m in Sources */,
				96AA19B61F6025A200C06CE8 /* DamageConfigRequest.m in Sources */,
				06356D371F5D7B2400242940 /* RDAlertAction.m in Sources */,
				0626DECD1F5EC99F00686790 /* RepairRecordDetailModel.m in Sources */,
				06B055DE1F5D498000A9CE68 /* UserManager.m in Sources */,
				06356D441F5D964900242940 /* HotelIndexRequest.m in Sources */,
				068E65C11F616B4900644CE6 /* UserNotificationModel.m in Sources */,
				96AA199C1F5FC38C00C06CE8 /* SearchTableViewCell.m in Sources */,
				06B056021F5D599500A9CE68 /* HotTopicTools.m in Sources */,
				96AA19BC1F60E20500C06CE8 /* DamageUploadRequest.m in Sources */,
				06ECDC511F5969AB007FBD83 /* AppDelegate.m in Sources */,
				06B055F31F5D572500A9CE68 /* UIImage+Additional.m in Sources */,
				96AA199A1F5FC38C00C06CE8 /* lookRestTableViewCell.m in Sources */,
				0626DEC41F5EACED00686790 /* GetRepairRecordListRequest.m in Sources */,
				06356D471F5D99C500242940 /* HotelInfoTableViewCell.m in Sources */,
				066EA5571F6010DF0054264C /* ErrorDetailRequest.m in Sources */,
				06B055F81F5D57A700A9CE68 /* HomeViewController.m in Sources */,
				96AA198C1F5FC38100C06CE8 /* FaultListViewController.m in Sources */,
				96AA19A41F5FC9A700C06CE8 /* SearchHotelRequest.m in Sources */,
				06356D391F5D7B2400242940 /* RDTextAlertView.m in Sources */,
				96AA19B31F600C8A00C06CE8 /* LookHotelInforModel.m in Sources */,
				06B055C31F5D00D600A9CE68 /* BaseViewController.m in Sources */,
				96AA19B01F5FF0C800C06CE8 /* LookHotelInforRequest.m in Sources */,
				06ECDC911F596DCD007FBD83 /* DesUtil.m in Sources */,
				06B055F41F5D572500A9CE68 /* UIView+Additional.m in Sources */,
				066EA5641F602FBF0054264C /* CheckUpdateRequest.m in Sources */,
				066EA54E1F5FEE6B0054264C /* ErrorReportModel.m in Sources */,
				96AA19AD1F5FDFDC00C06CE8 /* RepairRecordRankModel.m in Sources */,
				06356D381F5D7B2400242940 /* RDAlertView.m in Sources */,
				06B055D11F5D46BF00A9CE68 /* UserLoginRequest.m in Sources */,
				06ECDC4E1F5969AB007FBD83 /* main.m in Sources */,
				06B055FC1F5D58A200A9CE68 /* HomeUserInfoView.m in Sources */,
				06B055EA1F5D4AAC00A9CE68 /* UserModel.m in Sources */,
				06B055CD1F5D414200A9CE68 /* MBProgressHUD+Custom.m in Sources */,
				066EA5441F5FE45B0054264C /* ErrorReportViewController.m in Sources */,
				066EA54B1F5FEDDD0054264C /* ErrorReportTableViewCell.m in Sources */,
				06B055C91F5D1C4E00A9CE68 /* UserLoginViewController.m in Sources */,
				06ECDC851F596C47007FBD83 /* NetworkConfiguration.m in Sources */,
				06B055E71F5D4A7D00A9CE68 /* JastorRuntimeHelper.m in Sources */,
				96AA198E1F5FC38100C06CE8 /* RestaurantRankInforViewController.m in Sources */,
				066EA5541F6010830054264C /* ErrorDetailViewController.m in Sources */,
				06B055ED1F5D56CF00A9CE68 /* BaseNavigationController.m in Sources */,
				96AA19A01F5FC39700C06CE8 /* RestaurantRankModel.m in Sources */,
				066EA5511F5FEF310054264C /* ErrorReportRequest.m in Sources */,
				066EA5411F5FCB500054264C /* RepairRecordHeaderView.m in Sources */,
				0626DEC11F5E860800686790 /* GetAllUserRequest.m in Sources */,
				06B055D81F5D486800A9CE68 /* GCCGetInfo.m in Sources */,
				06B055E61F5D4A7D00A9CE68 /* Jastor.m in Sources */,
				0626DEC71F5EBC6E00686790 /* RepairRecordTableViewCell.m in Sources */,
				06B055DB1F5D48D800A9CE68 /* GCCKeyChain.m in Sources */,
				066EA55D1F6012500054264C /* ErrorDetailModel.m in Sources */,
				96AA199B1F5FC38C00C06CE8 /* RestaurantRankCell.m in Sources */,
				0626DECA1F5EC14500686790 /* RepairRecordModel.m in Sources */,
				96AA198F1F5FC38100C06CE8 /* SearchHotelViewController.m in Sources */,
				96AA19991F5FC38C00C06CE8 /* FaultListTableViewCell.m in Sources */,
				06ECDC901F596DCD007FBD83 /* ConverUtil.m in Sources */,
				06356D3C1F5D7F6B00242940 /* HomeHotelInfoView.m in Sources */,
				96AA198D1F5FC38100C06CE8 /* lookRestaurInforViewController.m in Sources */,
				06B055D51F5D47EC00A9CE68 /* Helper.m in Sources */,
			);
			runOnlyForDeploymentPostprocessing = 0;
		};
		06ECDC5E1F5969AB007FBD83 /* Sources */ = {
			isa = PBXSourcesBuildPhase;
			buildActionMask = 2147483647;
			files = (
				06ECDC671F5969AB007FBD83 /* HotTopicForMaintenanceTests.m in Sources */,
			);
			runOnlyForDeploymentPostprocessing = 0;
		};
		06ECDC691F5969AB007FBD83 /* Sources */ = {
			isa = PBXSourcesBuildPhase;
			buildActionMask = 2147483647;
			files = (
				06ECDC721F5969AB007FBD83 /* HotTopicForMaintenanceUITests.m in Sources */,
			);
			runOnlyForDeploymentPostprocessing = 0;
		};
/* End PBXSourcesBuildPhase section */

/* Begin PBXTargetDependency section */
		06ECDC641F5969AB007FBD83 /* PBXTargetDependency */ = {
			isa = PBXTargetDependency;
			target = 06ECDC481F5969AB007FBD83 /* HotTopicForMaintenance */;
			targetProxy = 06ECDC631F5969AB007FBD83 /* PBXContainerItemProxy */;
		};
		06ECDC6F1F5969AB007FBD83 /* PBXTargetDependency */ = {
			isa = PBXTargetDependency;
			target = 06ECDC481F5969AB007FBD83 /* HotTopicForMaintenance */;
			targetProxy = 06ECDC6E1F5969AB007FBD83 /* PBXContainerItemProxy */;
		};
/* End PBXTargetDependency section */

/* Begin XCBuildConfiguration section */
		06ECDC741F5969AB007FBD83 /* Debug */ = {
			isa = XCBuildConfiguration;
			buildSettings = {
				ALWAYS_SEARCH_USER_PATHS = NO;
				CLANG_ANALYZER_NONNULL = YES;
				CLANG_ANALYZER_NUMBER_OBJECT_CONVERSION = YES_AGGRESSIVE;
				CLANG_CXX_LANGUAGE_STANDARD = "gnu++0x";
				CLANG_CXX_LIBRARY = "libc++";
				CLANG_ENABLE_MODULES = YES;
				CLANG_ENABLE_OBJC_ARC = YES;
				CLANG_WARN_BOOL_CONVERSION = YES;
				CLANG_WARN_CONSTANT_CONVERSION = YES;
				CLANG_WARN_DIRECT_OBJC_ISA_USAGE = YES_ERROR;
				CLANG_WARN_DOCUMENTATION_COMMENTS = YES;
				CLANG_WARN_EMPTY_BODY = YES;
				CLANG_WARN_ENUM_CONVERSION = YES;
				CLANG_WARN_INFINITE_RECURSION = YES;
				CLANG_WARN_INT_CONVERSION = YES;
				CLANG_WARN_OBJC_ROOT_CLASS = YES_ERROR;
				CLANG_WARN_SUSPICIOUS_MOVE = YES;
				CLANG_WARN_UNREACHABLE_CODE = YES;
				CLANG_WARN__DUPLICATE_METHOD_MATCH = YES;
				"CODE_SIGN_IDENTITY[sdk=iphoneos*]" = "iPhone Developer";
				COPY_PHASE_STRIP = NO;
				DEBUG_INFORMATION_FORMAT = dwarf;
				ENABLE_STRICT_OBJC_MSGSEND = YES;
				ENABLE_TESTABILITY = YES;
				GCC_C_LANGUAGE_STANDARD = gnu99;
				GCC_DYNAMIC_NO_PIC = NO;
				GCC_NO_COMMON_BLOCKS = YES;
				GCC_OPTIMIZATION_LEVEL = 0;
				GCC_PREPROCESSOR_DEFINITIONS = (
					"DEBUG=1",
					"$(inherited)",
				);
				GCC_WARN_64_TO_32_BIT_CONVERSION = YES;
				GCC_WARN_ABOUT_RETURN_TYPE = YES_ERROR;
				GCC_WARN_UNDECLARED_SELECTOR = YES;
				GCC_WARN_UNINITIALIZED_AUTOS = YES_AGGRESSIVE;
				GCC_WARN_UNUSED_FUNCTION = YES;
				GCC_WARN_UNUSED_VARIABLE = YES;
				IPHONEOS_DEPLOYMENT_TARGET = 10.3;
				MTL_ENABLE_DEBUG_INFO = YES;
				ONLY_ACTIVE_ARCH = YES;
				SDKROOT = iphoneos;
				TARGETED_DEVICE_FAMILY = "1,2";
			};
			name = Debug;
		};
		06ECDC751F5969AB007FBD83 /* Release */ = {
			isa = XCBuildConfiguration;
			buildSettings = {
				ALWAYS_SEARCH_USER_PATHS = NO;
				CLANG_ANALYZER_NONNULL = YES;
				CLANG_ANALYZER_NUMBER_OBJECT_CONVERSION = YES_AGGRESSIVE;
				CLANG_CXX_LANGUAGE_STANDARD = "gnu++0x";
				CLANG_CXX_LIBRARY = "libc++";
				CLANG_ENABLE_MODULES = YES;
				CLANG_ENABLE_OBJC_ARC = YES;
				CLANG_WARN_BOOL_CONVERSION = YES;
				CLANG_WARN_CONSTANT_CONVERSION = YES;
				CLANG_WARN_DIRECT_OBJC_ISA_USAGE = YES_ERROR;
				CLANG_WARN_DOCUMENTATION_COMMENTS = YES;
				CLANG_WARN_EMPTY_BODY = YES;
				CLANG_WARN_ENUM_CONVERSION = YES;
				CLANG_WARN_INFINITE_RECURSION = YES;
				CLANG_WARN_INT_CONVERSION = YES;
				CLANG_WARN_OBJC_ROOT_CLASS = YES_ERROR;
				CLANG_WARN_SUSPICIOUS_MOVE = YES;
				CLANG_WARN_UNREACHABLE_CODE = YES;
				CLANG_WARN__DUPLICATE_METHOD_MATCH = YES;
				"CODE_SIGN_IDENTITY[sdk=iphoneos*]" = "iPhone Developer";
				COPY_PHASE_STRIP = NO;
				DEBUG_INFORMATION_FORMAT = "dwarf-with-dsym";
				ENABLE_NS_ASSERTIONS = NO;
				ENABLE_STRICT_OBJC_MSGSEND = YES;
				GCC_C_LANGUAGE_STANDARD = gnu99;
				GCC_NO_COMMON_BLOCKS = YES;
				GCC_WARN_64_TO_32_BIT_CONVERSION = YES;
				GCC_WARN_ABOUT_RETURN_TYPE = YES_ERROR;
				GCC_WARN_UNDECLARED_SELECTOR = YES;
				GCC_WARN_UNINITIALIZED_AUTOS = YES_AGGRESSIVE;
				GCC_WARN_UNUSED_FUNCTION = YES;
				GCC_WARN_UNUSED_VARIABLE = YES;
				IPHONEOS_DEPLOYMENT_TARGET = 10.3;
				MTL_ENABLE_DEBUG_INFO = NO;
				SDKROOT = iphoneos;
				TARGETED_DEVICE_FAMILY = "1,2";
				VALIDATE_PRODUCT = YES;
			};
			name = Release;
		};
		06ECDC771F5969AB007FBD83 /* Debug */ = {
			isa = XCBuildConfiguration;
			baseConfigurationReference = 1A452788AF09D343D0F3EABA /* Pods-HotTopicForMaintenance.debug.xcconfig */;
			buildSettings = {
				ASSETCATALOG_COMPILER_APPICON_NAME = AppIcon;
				ASSETCATALOG_COMPILER_LAUNCHIMAGE_NAME = "Brand Assets";
				CODE_SIGN_ENTITLEMENTS = HotTopicForMaintenance/HotTopicForMaintenance.entitlements;
				"CODE_SIGN_IDENTITY[sdk=iphoneos*]" = "iPhone Developer";
				DEVELOPMENT_TEAM = 922V2U92Z9;
				GCC_PRECOMPILE_PREFIX_HEADER = YES;
				GCC_PREFIX_HEADER = HotTopicForMaintenance/HotTopicForMaintenance.pch;
				INFOPLIST_FILE = HotTopicForMaintenance/Info.plist;
				IPHONEOS_DEPLOYMENT_TARGET = 8.0;
				LD_RUNPATH_SEARCH_PATHS = "$(inherited) @executable_path/Frameworks";
				LIBRARY_SEARCH_PATHS = (
					"$(inherited)",
					"$(PROJECT_DIR)/HotTopicForMaintenance/Helpers/UMessage_Sdk_1.5.0",
				);
				PRODUCT_BUNDLE_IDENTIFIER = com.hottopics.apptest;
				PRODUCT_NAME = "$(TARGET_NAME)";
				PROVISIONING_PROFILE = "2f98c2f0-8290-456f-863d-b48fdbd084b6";
				PROVISIONING_PROFILE_SPECIFIER = HotTopicsTest;
				TARGETED_DEVICE_FAMILY = 1;
			};
			name = Debug;
		};
		06ECDC781F5969AB007FBD83 /* Release */ = {
			isa = XCBuildConfiguration;
			baseConfigurationReference = 3F947E8C600EAFB6DB1B0E66 /* Pods-HotTopicForMaintenance.release.xcconfig */;
			buildSettings = {
				ASSETCATALOG_COMPILER_APPICON_NAME = AppIcon;
				ASSETCATALOG_COMPILER_LAUNCHIMAGE_NAME = "Brand Assets";
				CODE_SIGN_ENTITLEMENTS = HotTopicForMaintenance/HotTopicForMaintenance.entitlements;
				"CODE_SIGN_IDENTITY[sdk=iphoneos*]" = "iPhone Developer";
				DEVELOPMENT_TEAM = 922V2U92Z9;
				GCC_PRECOMPILE_PREFIX_HEADER = YES;
				GCC_PREFIX_HEADER = HotTopicForMaintenance/HotTopicForMaintenance.pch;
				INFOPLIST_FILE = HotTopicForMaintenance/Info.plist;
				IPHONEOS_DEPLOYMENT_TARGET = 8.0;
				LD_RUNPATH_SEARCH_PATHS = "$(inherited) @executable_path/Frameworks";
				LIBRARY_SEARCH_PATHS = (
					"$(inherited)",
					"$(PROJECT_DIR)/HotTopicForMaintenance/Helpers/UMessage_Sdk_1.5.0",
				);
				PRODUCT_BUNDLE_IDENTIFIER = com.hottopics.apptest;
				PRODUCT_NAME = "$(TARGET_NAME)";
				PROVISIONING_PROFILE = "2f98c2f0-8290-456f-863d-b48fdbd084b6";
				PROVISIONING_PROFILE_SPECIFIER = HotTopicsTest;
				TARGETED_DEVICE_FAMILY = 1;
			};
			name = Release;
		};
		06ECDC7A1F5969AB007FBD83 /* Debug */ = {
			isa = XCBuildConfiguration;
			buildSettings = {
				BUNDLE_LOADER = "$(TEST_HOST)";
				DEVELOPMENT_TEAM = 922V2U92Z9;
				INFOPLIST_FILE = HotTopicForMaintenanceTests/Info.plist;
				LD_RUNPATH_SEARCH_PATHS = "$(inherited) @executable_path/Frameworks @loader_path/Frameworks";
				PRODUCT_BUNDLE_IDENTIFIER = com.hottopics.testapp.HotTopicForMaintenanceTests;
				PRODUCT_NAME = "$(TARGET_NAME)";
				TEST_HOST = "$(BUILT_PRODUCTS_DIR)/HotTopicForMaintenance.app/HotTopicForMaintenance";
			};
			name = Debug;
		};
		06ECDC7B1F5969AB007FBD83 /* Release */ = {
			isa = XCBuildConfiguration;
			buildSettings = {
				BUNDLE_LOADER = "$(TEST_HOST)";
				DEVELOPMENT_TEAM = 922V2U92Z9;
				INFOPLIST_FILE = HotTopicForMaintenanceTests/Info.plist;
				LD_RUNPATH_SEARCH_PATHS = "$(inherited) @executable_path/Frameworks @loader_path/Frameworks";
				PRODUCT_BUNDLE_IDENTIFIER = com.hottopics.testapp.HotTopicForMaintenanceTests;
				PRODUCT_NAME = "$(TARGET_NAME)";
				TEST_HOST = "$(BUILT_PRODUCTS_DIR)/HotTopicForMaintenance.app/HotTopicForMaintenance";
			};
			name = Release;
		};
		06ECDC7D1F5969AB007FBD83 /* Debug */ = {
			isa = XCBuildConfiguration;
			buildSettings = {
				DEVELOPMENT_TEAM = 922V2U92Z9;
				INFOPLIST_FILE = HotTopicForMaintenanceUITests/Info.plist;
				LD_RUNPATH_SEARCH_PATHS = "$(inherited) @executable_path/Frameworks @loader_path/Frameworks";
				PRODUCT_BUNDLE_IDENTIFIER = com.hottopics.testapp.HotTopicForMaintenanceUITests;
				PRODUCT_NAME = "$(TARGET_NAME)";
				TEST_TARGET_NAME = HotTopicForMaintenance;
			};
			name = Debug;
		};
		06ECDC7E1F5969AB007FBD83 /* Release */ = {
			isa = XCBuildConfiguration;
			buildSettings = {
				DEVELOPMENT_TEAM = 922V2U92Z9;
				INFOPLIST_FILE = HotTopicForMaintenanceUITests/Info.plist;
				LD_RUNPATH_SEARCH_PATHS = "$(inherited) @executable_path/Frameworks @loader_path/Frameworks";
				PRODUCT_BUNDLE_IDENTIFIER = com.hottopics.testapp.HotTopicForMaintenanceUITests;
				PRODUCT_NAME = "$(TARGET_NAME)";
				TEST_TARGET_NAME = HotTopicForMaintenance;
			};
			name = Release;
		};
/* End XCBuildConfiguration section */

/* Begin XCConfigurationList section */
		06ECDC441F5969AB007FBD83 /* Build configuration list for PBXProject "HotTopicForMaintenance" */ = {
			isa = XCConfigurationList;
			buildConfigurations = (
				06ECDC741F5969AB007FBD83 /* Debug */,
				06ECDC751F5969AB007FBD83 /* Release */,
			);
			defaultConfigurationIsVisible = 0;
			defaultConfigurationName = Release;
		};
		06ECDC761F5969AB007FBD83 /* Build configuration list for PBXNativeTarget "HotTopicForMaintenance" */ = {
			isa = XCConfigurationList;
			buildConfigurations = (
				06ECDC771F5969AB007FBD83 /* Debug */,
				06ECDC781F5969AB007FBD83 /* Release */,
			);
			defaultConfigurationIsVisible = 0;
			defaultConfigurationName = Release;
		};
		06ECDC791F5969AB007FBD83 /* Build configuration list for PBXNativeTarget "HotTopicForMaintenanceTests" */ = {
			isa = XCConfigurationList;
			buildConfigurations = (
				06ECDC7A1F5969AB007FBD83 /* Debug */,
				06ECDC7B1F5969AB007FBD83 /* Release */,
			);
			defaultConfigurationIsVisible = 0;
			defaultConfigurationName = Release;
		};
		06ECDC7C1F5969AB007FBD83 /* Build configuration list for PBXNativeTarget "HotTopicForMaintenanceUITests" */ = {
			isa = XCConfigurationList;
			buildConfigurations = (
				06ECDC7D1F5969AB007FBD83 /* Debug */,
				06ECDC7E1F5969AB007FBD83 /* Release */,
			);
			defaultConfigurationIsVisible = 0;
			defaultConfigurationName = Release;
		};
/* End XCConfigurationList section */
	};
	rootObject = 06ECDC411F5969AB007FBD83 /* Project object */;
}
